// !$*UTF8*$!
{
	archiveVersion = 1;
	classes = {
	};
	objectVersion = 46;
	objects = {

/* Begin PBXBuildFile section */
		00748058165D41390024B57A /* assets in Resources */ = {isa = PBXBuildFile; fileRef = 00748057165D41390024B57A /* assets */; };
		0087D25512CD809F002CD69F /* CoreText.framework in Frameworks */ = {isa = PBXBuildFile; fileRef = 0087D25412CD809F002CD69F /* CoreText.framework */; };
		00CFDF6B1138442D0091E310 /* CoreGraphics.framework in Frameworks */ = {isa = PBXBuildFile; fileRef = 00CFDF6A1138442D0091E310 /* CoreGraphics.framework */; };
		1D60589F0D05DD5A006BFB54 /* Foundation.framework in Frameworks */ = {isa = PBXBuildFile; fileRef = 1D30AB110D05D00D00671497 /* Foundation.framework */; };
		1DF5F4E00D08C38300B7A737 /* UIKit.framework in Frameworks */ = {isa = PBXBuildFile; fileRef = 1DF5F4DF0D08C38300B7A737 /* UIKit.framework */; };
		28FD15000DC6FC520079059D /* OpenGLES.framework in Frameworks */ = {isa = PBXBuildFile; fileRef = 28FD14FF0DC6FC520079059D /* OpenGLES.framework */; };
		28FD15080DC6FC5B0079059D /* QuartzCore.framework in Frameworks */ = {isa = PBXBuildFile; fileRef = 28FD15070DC6FC5B0079059D /* QuartzCore.framework */; };
		4C264DD61850B79D00468BAA /* CoreTelephony.framework in Frameworks */ = {isa = PBXBuildFile; fileRef = 4C264DD51850B79D00468BAA /* CoreTelephony.framework */; };
		4C264DD81850B7A900468BAA /* SystemConfiguration.framework in Frameworks */ = {isa = PBXBuildFile; fileRef = 4C264DD71850B7A900468BAA /* SystemConfiguration.framework */; };
		4C264DDC1850B82500468BAA /* Accelerate.framework in Frameworks */ = {isa = PBXBuildFile; fileRef = 4C264DDB1850B82500468BAA /* Accelerate.framework */; };
		A81E3DFA1993D0F3002B8978 /* Default-568h@2x.png in Resources */ = {isa = PBXBuildFile; fileRef = A82C900816DF91D300FF519C /* Default-568h@2x.png */; };
		A84E428F1A2A1D6D00EE6AC1 /* Path3D.cpp in Sources */ = {isa = PBXBuildFile; fileRef = A84E428D1A2A1D6D00EE6AC1 /* Path3D.cpp */; };
		A871F9831AA7C9B500D872B1 /* icon.png in Resources */ = {isa = PBXBuildFile; fileRef = A871F9821AA7C9B500D872B1 /* icon.png */; };
		A8721A3F1A2BD7AE00AED9C8 /* TestingMisc.cpp in Sources */ = {isa = PBXBuildFile; fileRef = A8721A3D1A2BD7AE00AED9C8 /* TestingMisc.cpp */; };
		A8721A451A2BEF3000AED9C8 /* TestingMemory.cpp in Sources */ = {isa = PBXBuildFile; fileRef = A8721A431A2BEF3000AED9C8 /* TestingMemory.cpp */; };
		A8994D441726E33900C8851E /* GLKit.framework in Frameworks */ = {isa = PBXBuildFile; fileRef = A8994D431726E33900C8851E /* GLKit.framework */; };
		A8994D481726E51E00C8851E /* Application.mm in Sources */ = {isa = PBXBuildFile; fileRef = A8994D471726E51E00C8851E /* Application.mm */; };
		A8C16EA01A2A4A7300551905 /* main.cpp in Sources */ = {isa = PBXBuildFile; fileRef = A8C16E9F1A2A4A7300551905 /* main.cpp */; };
		A8CC2B361A49A5C300F8FBA5 /* TestingTasks.cpp in Sources */ = {isa = PBXBuildFile; fileRef = A8CC2B321A49A5C300F8FBA5 /* TestingTasks.cpp */; };
		A8CC2B371A49A5C300F8FBA5 /* TestTask.cpp in Sources */ = {isa = PBXBuildFile; fileRef = A8CC2B341A49A5C300F8FBA5 /* TestTask.cpp */; };
		A8D7C09D1A75AE3000002385 /* TestingZFont.cpp in Sources */ = {isa = PBXBuildFile; fileRef = A8D7C09B1A75AE3000002385 /* TestingZFont.cpp */; };
		A8D947041A87980C007FB546 /* TestingIOService.cpp in Sources */ = {isa = PBXBuildFile; fileRef = A8D947021A87980C007FB546 /* TestingIOService.cpp */; };
		A8DB3EC616E0B96C00504D27 /* Sketch.cpp in Sources */ = {isa = PBXBuildFile; fileRef = A8DB3EC416E0B96C00504D27 /* Sketch.cpp */; };
		C725DFFE121DAC7F00FA186B /* CoreMedia.framework in Frameworks */ = {isa = PBXBuildFile; fileRef = C727C02B121B400300192073 /* CoreMedia.framework */; settings = {ATTRIBUTES = (Weak, ); }; };
		C725E001121DAC8F00FA186B /* AVFoundation.framework in Frameworks */ = {isa = PBXBuildFile; fileRef = C725E000121DAC8F00FA186B /* AVFoundation.framework */; settings = {ATTRIBUTES = (Weak, ); }; };
		C725E001121DAC8FFFFA18FF /* ImageIO.framework in Frameworks */ = {isa = PBXBuildFile; fileRef = 00CFDF6A1138442D0091FFFF /* ImageIO.framework */; };
		C727C02E121B400300192073 /* CoreVideo.framework in Frameworks */ = {isa = PBXBuildFile; fileRef = C727C02D121B400300192073 /* CoreVideo.framework */; settings = {ATTRIBUTES = (Weak, ); }; };
		C7FB19D6124BC0D70045AFD2 /* AudioToolbox.framework in Frameworks */ = {isa = PBXBuildFile; fileRef = C7FB19D5124BC0D70045AFD2 /* AudioToolbox.framework */; };
		DDDDE001121DAC8FFFFADDDD /* MobileCoreServices.framework in Frameworks */ = {isa = PBXBuildFile; fileRef = DDDDDF6A1138442D0091DDDD /* MobileCoreServices.framework */; };
/* End PBXBuildFile section */

/* Begin PBXContainerItemProxy section */
		A8B320781AADF8F600D33333 /* PBXContainerItemProxy */ = {
			isa = PBXContainerItemProxy;
			containerPortal = A8B320731AADF8F600D33333 /* toolkit.xcodeproj */;
			proxyType = 2;
			remoteGlobalIDString = D2AAC07E0554694100DB518D;
			remoteInfo = osx;
		};
		A8B3207A1AADF8F600D33333 /* PBXContainerItemProxy */ = {
			isa = PBXContainerItemProxy;
			containerPortal = A8B320731AADF8F600D33333 /* toolkit.xcodeproj */;
			proxyType = 2;
			remoteGlobalIDString = 007050BE1114F93F003FCAE4;
			remoteInfo = ios;
		};
		A8B3207C1AADF90E00D33333 /* PBXContainerItemProxy */ = {
			isa = PBXContainerItemProxy;
			containerPortal = A8B320731AADF8F600D33333 /* toolkit.xcodeproj */;
			proxyType = 1;
			remoteGlobalIDString = 00704FCB1114F93F003FCAE4;
			remoteInfo = ios;
		};
/* End PBXContainerItemProxy section */

/* Begin PBXFileReference section */
		00692BCF14FF149000D0A05E /* TestBed1.app */ = {isa = PBXFileReference; explicitFileType = wrapper.application; includeInIndex = 0; path = TestBed1.app; sourceTree = BUILT_PRODUCTS_DIR; };
		00748057165D41390024B57A /* assets */ = {isa = PBXFileReference; lastKnownFileType = folder; name = assets; path = ../assets; sourceTree = "<group>"; };
		0087D25412CD809F002CD69F /* CoreText.framework */ = {isa = PBXFileReference; lastKnownFileType = wrapper.framework; name = CoreText.framework; path = System/Library/Frameworks/CoreText.framework; sourceTree = SDKROOT; };
		00CFDF6A1138442D0091E310 /* CoreGraphics.framework */ = {isa = PBXFileReference; lastKnownFileType = wrapper.framework; name = CoreGraphics.framework; path = System/Library/Frameworks/CoreGraphics.framework; sourceTree = SDKROOT; };
		00CFDF6A1138442D0091FFFF /* ImageIO.framework */ = {isa = PBXFileReference; lastKnownFileType = wrapper.framework; name = ImageIO.framework; path = System/Library/Frameworks/ImageIO.framework; sourceTree = SDKROOT; };
		125ACA23B6814C2888F2E57E /* Prefix.pch */ = {isa = PBXFileReference; lastKnownFileType = sourcecode.c.h; path = Prefix.pch; sourceTree = "<group>"; };
		1D30AB110D05D00D00671497 /* Foundation.framework */ = {isa = PBXFileReference; lastKnownFileType = wrapper.framework; name = Foundation.framework; path = System/Library/Frameworks/Foundation.framework; sourceTree = SDKROOT; };
		1DF5F4DF0D08C38300B7A737 /* UIKit.framework */ = {isa = PBXFileReference; lastKnownFileType = wrapper.framework; name = UIKit.framework; path = System/Library/Frameworks/UIKit.framework; sourceTree = SDKROOT; };
		28FD14FF0DC6FC520079059D /* OpenGLES.framework */ = {isa = PBXFileReference; lastKnownFileType = wrapper.framework; name = OpenGLES.framework; path = System/Library/Frameworks/OpenGLES.framework; sourceTree = SDKROOT; };
		28FD15070DC6FC5B0079059D /* QuartzCore.framework */ = {isa = PBXFileReference; lastKnownFileType = wrapper.framework; name = QuartzCore.framework; path = System/Library/Frameworks/QuartzCore.framework; sourceTree = SDKROOT; };
		4C264DD51850B79D00468BAA /* CoreTelephony.framework */ = {isa = PBXFileReference; lastKnownFileType = wrapper.framework; name = CoreTelephony.framework; path = System/Library/Frameworks/CoreTelephony.framework; sourceTree = SDKROOT; };
		4C264DD71850B7A900468BAA /* SystemConfiguration.framework */ = {isa = PBXFileReference; lastKnownFileType = wrapper.framework; name = SystemConfiguration.framework; path = System/Library/Frameworks/SystemConfiguration.framework; sourceTree = SDKROOT; };
		4C264DD91850B7E000468BAA /* AdSupport.framework */ = {isa = PBXFileReference; lastKnownFileType = wrapper.framework; name = AdSupport.framework; path = System/Library/Frameworks/AdSupport.framework; sourceTree = SDKROOT; };
		4C264DDB1850B82500468BAA /* Accelerate.framework */ = {isa = PBXFileReference; lastKnownFileType = wrapper.framework; name = Accelerate.framework; path = System/Library/Frameworks/Accelerate.framework; sourceTree = SDKROOT; };
		A81E3DFC1993D2AE002B8978 /* Config.xcconfig */ = {isa = PBXFileReference; fileEncoding = 4; lastKnownFileType = text.xcconfig; path = Config.xcconfig; sourceTree = "<group>"; };
		A81E3DFD1993D2AE002B8978 /* DebugConfig.xcconfig */ = {isa = PBXFileReference; fileEncoding = 4; lastKnownFileType = text.xcconfig; path = DebugConfig.xcconfig; sourceTree = "<group>"; };
		A81E3DFE1993D2AE002B8978 /* ReleaseConfig.xcconfig */ = {isa = PBXFileReference; fileEncoding = 4; lastKnownFileType = text.xcconfig; path = ReleaseConfig.xcconfig; sourceTree = "<group>"; };
		A81E3DFF1993D2AE002B8978 /* DistributionConfig.xcconfig */ = {isa = PBXFileReference; fileEncoding = 4; lastKnownFileType = text.xcconfig; path = DistributionConfig.xcconfig; sourceTree = "<group>"; };
		A82C900816DF91D300FF519C /* Default-568h@2x.png */ = {isa = PBXFileReference; lastKnownFileType = image.png; path = "Default-568h@2x.png"; sourceTree = "<group>"; };
		A84E428D1A2A1D6D00EE6AC1 /* Path3D.cpp */ = {isa = PBXFileReference; fileEncoding = 4; lastKnownFileType = sourcecode.cpp.cpp; path = Path3D.cpp; sourceTree = "<group>"; };
		A84E428E1A2A1D6D00EE6AC1 /* Path3D.h */ = {isa = PBXFileReference; fileEncoding = 4; lastKnownFileType = sourcecode.c.h; path = Path3D.h; sourceTree = "<group>"; };
		A871F9821AA7C9B500D872B1 /* icon.png */ = {isa = PBXFileReference; lastKnownFileType = image.png; path = icon.png; sourceTree = "<group>"; };
		A8721A3C1A2BD7AE00AED9C8 /* TestingBase.h */ = {isa = PBXFileReference; fileEncoding = 4; lastKnownFileType = sourcecode.c.h; name = TestingBase.h; path = ../src/TestingBase.h; sourceTree = "<group>"; };
		A8721A3D1A2BD7AE00AED9C8 /* TestingMisc.cpp */ = {isa = PBXFileReference; fileEncoding = 4; lastKnownFileType = sourcecode.cpp.cpp; name = TestingMisc.cpp; path = ../src/TestingMisc.cpp; sourceTree = "<group>"; };
		A8721A3E1A2BD7AE00AED9C8 /* TestingMisc.h */ = {isa = PBXFileReference; fileEncoding = 4; lastKnownFileType = sourcecode.c.h; name = TestingMisc.h; path = ../src/TestingMisc.h; sourceTree = "<group>"; };
		A8721A431A2BEF3000AED9C8 /* TestingMemory.cpp */ = {isa = PBXFileReference; fileEncoding = 4; lastKnownFileType = sourcecode.cpp.cpp; name = TestingMemory.cpp; path = ../src/TestingMemory.cpp; sourceTree = "<group>"; };
		A8721A441A2BEF3000AED9C8 /* TestingMemory.h */ = {isa = PBXFileReference; fileEncoding = 4; lastKnownFileType = sourcecode.c.h; name = TestingMemory.h; path = ../src/TestingMemory.h; sourceTree = "<group>"; };
		A8994D431726E33900C8851E /* GLKit.framework */ = {isa = PBXFileReference; lastKnownFileType = wrapper.framework; name = GLKit.framework; path = System/Library/Frameworks/GLKit.framework; sourceTree = SDKROOT; };
		A8994D461726E51E00C8851E /* Application.h */ = {isa = PBXFileReference; fileEncoding = 4; lastKnownFileType = sourcecode.c.h; path = Application.h; sourceTree = "<group>"; };
		A8994D471726E51E00C8851E /* Application.mm */ = {isa = PBXFileReference; fileEncoding = 4; lastKnownFileType = sourcecode.cpp.objcpp; path = Application.mm; sourceTree = "<group>"; };
		A8B320731AADF8F600D33333 /* toolkit.xcodeproj */ = {isa = PBXFileReference; lastKnownFileType = "wrapper.pb-project"; name = toolkit.xcodeproj; path = "blocks/new-chronotext-toolkit/xcode/toolkit.xcodeproj"; sourceTree = CINDER_PATH_CHR; };
		A8C16E9F1A2A4A7300551905 /* main.cpp */ = {isa = PBXFileReference; explicitFileType = sourcecode.cpp.objcpp; fileEncoding = 4; name = main.cpp; path = ../src/main.cpp; sourceTree = "<group>"; };
		A8CC2B321A49A5C300F8FBA5 /* TestingTasks.cpp */ = {isa = PBXFileReference; fileEncoding = 4; lastKnownFileType = sourcecode.cpp.cpp; name = TestingTasks.cpp; path = ../src/TestingTasks.cpp; sourceTree = "<group>"; };
		A8CC2B331A49A5C300F8FBA5 /* TestingTasks.h */ = {isa = PBXFileReference; fileEncoding = 4; lastKnownFileType = sourcecode.c.h; name = TestingTasks.h; path = ../src/TestingTasks.h; sourceTree = "<group>"; };
		A8CC2B341A49A5C300F8FBA5 /* TestTask.cpp */ = {isa = PBXFileReference; fileEncoding = 4; lastKnownFileType = sourcecode.cpp.cpp; name = TestTask.cpp; path = ../src/TestTask.cpp; sourceTree = "<group>"; };
		A8CC2B351A49A5C300F8FBA5 /* TestTask.h */ = {isa = PBXFileReference; fileEncoding = 4; lastKnownFileType = sourcecode.c.h; name = TestTask.h; path = ../src/TestTask.h; sourceTree = "<group>"; };
		A8D7C09B1A75AE3000002385 /* TestingZFont.cpp */ = {isa = PBXFileReference; fileEncoding = 4; lastKnownFileType = sourcecode.cpp.cpp; name = TestingZFont.cpp; path = ../src/TestingZFont.cpp; sourceTree = "<group>"; };
		A8D7C09C1A75AE3000002385 /* TestingZFont.h */ = {isa = PBXFileReference; fileEncoding = 4; lastKnownFileType = sourcecode.c.h; name = TestingZFont.h; path = ../src/TestingZFont.h; sourceTree = "<group>"; };
		A8D947021A87980C007FB546 /* TestingIOService.cpp */ = {isa = PBXFileReference; fileEncoding = 4; lastKnownFileType = sourcecode.cpp.cpp; name = TestingIOService.cpp; path = ../src/TestingIOService.cpp; sourceTree = "<group>"; };
		A8D947031A87980C007FB546 /* TestingIOService.h */ = {isa = PBXFileReference; fileEncoding = 4; lastKnownFileType = sourcecode.c.h; name = TestingIOService.h; path = ../src/TestingIOService.h; sourceTree = "<group>"; };
		A8DB3EC416E0B96C00504D27 /* Sketch.cpp */ = {isa = PBXFileReference; fileEncoding = 4; lastKnownFileType = sourcecode.cpp.cpp; name = Sketch.cpp; path = ../src/Sketch.cpp; sourceTree = "<group>"; };
		A8DB3EC516E0B96C00504D27 /* Sketch.h */ = {isa = PBXFileReference; fileEncoding = 4; lastKnownFileType = sourcecode.c.h; name = Sketch.h; path = ../src/Sketch.h; sourceTree = "<group>"; };
		C725E000121DAC8F00FA186B /* AVFoundation.framework */ = {isa = PBXFileReference; lastKnownFileType = wrapper.framework; name = AVFoundation.framework; path = System/Library/Frameworks/AVFoundation.framework; sourceTree = SDKROOT; };
		C727C02B121B400300192073 /* CoreMedia.framework */ = {isa = PBXFileReference; lastKnownFileType = wrapper.framework; name = CoreMedia.framework; path = System/Library/Frameworks/CoreMedia.framework; sourceTree = SDKROOT; };
		C727C02D121B400300192073 /* CoreVideo.framework */ = {isa = PBXFileReference; lastKnownFileType = wrapper.framework; name = CoreVideo.framework; path = System/Library/Frameworks/CoreVideo.framework; sourceTree = SDKROOT; };
		C7FB19D5124BC0D70045AFD2 /* AudioToolbox.framework */ = {isa = PBXFileReference; lastKnownFileType = wrapper.framework; name = AudioToolbox.framework; path = System/Library/Frameworks/AudioToolbox.framework; sourceTree = SDKROOT; };
		D616014D45B744EF83271CE8 /* Info.plist */ = {isa = PBXFileReference; lastKnownFileType = text.plist.xml; path = Info.plist; sourceTree = "<group>"; };
		DDDDDF6A1138442D0091DDDD /* MobileCoreServices.framework */ = {isa = PBXFileReference; lastKnownFileType = wrapper.framework; name = MobileCoreServices.framework; path = System/Library/Frameworks/MobileCoreServices.framework; sourceTree = SDKROOT; };
/* End PBXFileReference section */

/* Begin PBXFrameworksBuildPhase section */
		00692BCC14FF149000D0A05E /* Frameworks */ = {
			isa = PBXFrameworksBuildPhase;
			buildActionMask = 2147483647;
			files = (
				4C264DDC1850B82500468BAA /* Accelerate.framework in Frameworks */,
				4C264DD81850B7A900468BAA /* SystemConfiguration.framework in Frameworks */,
				4C264DD61850B79D00468BAA /* CoreTelephony.framework in Frameworks */,
				A8994D441726E33900C8851E /* GLKit.framework in Frameworks */,
				C725E001121DAC8F00FA186B /* AVFoundation.framework in Frameworks */,
				C725DFFE121DAC7F00FA186B /* CoreMedia.framework in Frameworks */,
				C725E001121DAC8FFFFA18FF /* ImageIO.framework in Frameworks */,
				DDDDE001121DAC8FFFFADDDD /* MobileCoreServices.framework in Frameworks */,
				1D60589F0D05DD5A006BFB54 /* Foundation.framework in Frameworks */,
				1DF5F4E00D08C38300B7A737 /* UIKit.framework in Frameworks */,
				28FD15000DC6FC520079059D /* OpenGLES.framework in Frameworks */,
				28FD15080DC6FC5B0079059D /* QuartzCore.framework in Frameworks */,
				00CFDF6B1138442D0091E310 /* CoreGraphics.framework in Frameworks */,
				C727C02E121B400300192073 /* CoreVideo.framework in Frameworks */,
				C7FB19D6124BC0D70045AFD2 /* AudioToolbox.framework in Frameworks */,
				0087D25512CD809F002CD69F /* CoreText.framework in Frameworks */,
			);
			runOnlyForDeploymentPostprocessing = 0;
		};
/* End PBXFrameworksBuildPhase section */

/* Begin PBXGroup section */
		00692BC414FF149000D0A05E = {
			isa = PBXGroup;
			children = (
				A8B320731AADF8F600D33333 /* toolkit.xcodeproj */,
				A8EE788817A17A72004077D0 /* Common */,
				00692BD914FF149000D0A05E /* Source */,
				00692BD914FF149000D0FFFF /* Resources */,
				A82C900516DF91BF00FF519C /* iOS */,
				00692BD214FF149000D0A05E /* Frameworks */,
				00692BD014FF149000D0A05E /* Products */,
			);
			sourceTree = "<group>";
		};
		00692BD014FF149000D0A05E /* Products */ = {
			isa = PBXGroup;
			children = (
				00692BCF14FF149000D0A05E /* TestBed1.app */,
			);
			name = Products;
			sourceTree = "<group>";
		};
		00692BD214FF149000D0A05E /* Frameworks */ = {
			isa = PBXGroup;
			children = (
				4C264DDB1850B82500468BAA /* Accelerate.framework */,
				4C264DD91850B7E000468BAA /* AdSupport.framework */,
				4C264DD71850B7A900468BAA /* SystemConfiguration.framework */,
				4C264DD51850B79D00468BAA /* CoreTelephony.framework */,
				A8994D431726E33900C8851E /* GLKit.framework */,
				C7FB19D5124BC0D70045AFD2 /* AudioToolbox.framework */,
				C727C02B121B400300192073 /* CoreMedia.framework */,
				C727C02D121B400300192073 /* CoreVideo.framework */,
				28FD15070DC6FC5B0079059D /* QuartzCore.framework */,
				28FD14FF0DC6FC520079059D /* OpenGLES.framework */,
				1DF5F4DF0D08C38300B7A737 /* UIKit.framework */,
				1D30AB110D05D00D00671497 /* Foundation.framework */,
				00CFDF6A1138442D0091E310 /* CoreGraphics.framework */,
				00CFDF6A1138442D0091FFFF /* ImageIO.framework */,
				DDDDDF6A1138442D0091DDDD /* MobileCoreServices.framework */,
				C725E000121DAC8F00FA186B /* AVFoundation.framework */,
				0087D25412CD809F002CD69F /* CoreText.framework */,
			);
			name = Frameworks;
			sourceTree = "<group>";
		};
		00692BD914FF149000D0A05E /* Source */ = {
			isa = PBXGroup;
			children = (
				A8721A3B1A2BD7A200AED9C8 /* Testing */,
				A8C16E9F1A2A4A7300551905 /* main.cpp */,
				A8DB3EC516E0B96C00504D27 /* Sketch.h */,
				A8DB3EC416E0B96C00504D27 /* Sketch.cpp */,
			);
			name = Source;
			sourceTree = "<group>";
		};
		00692BD914FF149000D0FFFF /* Resources */ = {
			isa = PBXGroup;
			children = (
				00748057165D41390024B57A /* assets */,
			);
			name = Resources;
			sourceTree = "<group>";
		};
		A82C900516DF91BF00FF519C /* iOS */ = {
			isa = PBXGroup;
			children = (
				A81E3DFC1993D2AE002B8978 /* Config.xcconfig */,
				A81E3DFD1993D2AE002B8978 /* DebugConfig.xcconfig */,
				A81E3DFE1993D2AE002B8978 /* ReleaseConfig.xcconfig */,
				A81E3DFF1993D2AE002B8978 /* DistributionConfig.xcconfig */,
				A8994D451726E51E00C8851E /* Classes */,
				A82C900616DF91D300FF519C /* Resources */,
				D616014D45B744EF83271CE8 /* Info.plist */,
				125ACA23B6814C2888F2E57E /* Prefix.pch */,
			);
			name = iOS;
			sourceTree = "<group>";
		};
		A82C900616DF91D300FF519C /* Resources */ = {
			isa = PBXGroup;
			children = (
				A871F9821AA7C9B500D872B1 /* icon.png */,
				A82C900816DF91D300FF519C /* Default-568h@2x.png */,
			);
			path = Resources;
			sourceTree = "<group>";
		};
		A84E428C1A2A1D6D00EE6AC1 /* Path */ = {
			isa = PBXGroup;
			children = (
				A84E428D1A2A1D6D00EE6AC1 /* Path3D.cpp */,
				A84E428E1A2A1D6D00EE6AC1 /* Path3D.h */,
			);
			path = Path;
			sourceTree = "<group>";
		};
		A8721A3B1A2BD7A200AED9C8 /* Testing */ = {
			isa = PBXGroup;
			children = (
				A8721A3C1A2BD7AE00AED9C8 /* TestingBase.h */,
				A8721A3E1A2BD7AE00AED9C8 /* TestingMisc.h */,
				A8721A3D1A2BD7AE00AED9C8 /* TestingMisc.cpp */,
				A8721A441A2BEF3000AED9C8 /* TestingMemory.h */,
				A8721A431A2BEF3000AED9C8 /* TestingMemory.cpp */,
				A8CC2B331A49A5C300F8FBA5 /* TestingTasks.h */,
				A8CC2B321A49A5C300F8FBA5 /* TestingTasks.cpp */,
				A8CC2B351A49A5C300F8FBA5 /* TestTask.h */,
				A8CC2B341A49A5C300F8FBA5 /* TestTask.cpp */,
				A8D7C09C1A75AE3000002385 /* TestingZFont.h */,
				A8D7C09B1A75AE3000002385 /* TestingZFont.cpp */,
				A8D947031A87980C007FB546 /* TestingIOService.h */,
				A8D947021A87980C007FB546 /* TestingIOService.cpp */,
			);
			name = Testing;
			sourceTree = "<group>";
		};
		A8994D451726E51E00C8851E /* Classes */ = {
			isa = PBXGroup;
			children = (
				A8994D461726E51E00C8851E /* Application.h */,
				A8994D471726E51E00C8851E /* Application.mm */,
			);
			path = Classes;
			sourceTree = "<group>";
		};
		A8B320741AADF8F600D33333 /* Products */ = {
			isa = PBXGroup;
			children = (
				A8B320791AADF8F600D33333 /* libtoolkit.a */,
				A8B3207B1AADF8F600D33333 /* libtoolkit.a */,
			);
			name = Products;
			sourceTree = "<group>";
		};
		A8EE788817A17A72004077D0 /* Common */ = {
			isa = PBXGroup;
			children = (
				A84E428C1A2A1D6D00EE6AC1 /* Path */,
			);
			name = Common;
			path = ../../../Common;
			sourceTree = "<group>";
		};
/* End PBXGroup section */

/* Begin PBXNativeTarget section */
		00692BCE14FF149000D0A05E /* Target1 */ = {
			isa = PBXNativeTarget;
			buildConfigurationList = 00692BF514FF149000D0A05E /* Build configuration list for PBXNativeTarget "Target1" */;
			buildPhases = (
				00692BCB14FF149000D0A05E /* Sources */,
				00692BCC14FF149000D0A05E /* Frameworks */,
				00692BCD14FF149000D0A05E /* Resources */,
			);
			buildRules = (
			);
			dependencies = (
				A8B3207D1AADF90E00D33333 /* PBXTargetDependency */,
			);
			name = Target1;
			productName = TestBed1;
			productReference = 00692BCF14FF149000D0A05E /* TestBed1.app */;
			productType = "com.apple.product-type.application";
		};
/* End PBXNativeTarget section */

/* Begin PBXProject section */
		00692BC614FF149000D0A05E /* Project object */ = {
			isa = PBXProject;
			attributes = {
				LastUpgradeCheck = 0610;
			};
			buildConfigurationList = 00692BC914FF149000D0A05E /* Build configuration list for PBXProject "TestBed1" */;
			compatibilityVersion = "Xcode 3.2";
			developmentRegion = English;
			hasScannedForEncodings = 0;
			knownRegions = (
				en,
			);
			mainGroup = 00692BC414FF149000D0A05E;
			productRefGroup = 00692BD014FF149000D0A05E /* Products */;
			projectDirPath = "";
			projectReferences = (
				{
					ProductGroup = A8B320741AADF8F600D33333 /* Products */;
					ProjectRef = A8B320731AADF8F600D33333 /* toolkit.xcodeproj */;
				},
			);
			projectRoot = "";
			targets = (
				00692BCE14FF149000D0A05E /* Target1 */,
			);
		};
/* End PBXProject section */

/* Begin PBXReferenceProxy section */
		A8B320791AADF8F600D33333 /* libtoolkit.a */ = {
			isa = PBXReferenceProxy;
			fileType = archive.ar;
			path = libtoolkit.a;
			remoteRef = A8B320781AADF8F600D33333 /* PBXContainerItemProxy */;
			sourceTree = BUILT_PRODUCTS_DIR;
		};
		A8B3207B1AADF8F600D33333 /* libtoolkit.a */ = {
			isa = PBXReferenceProxy;
			fileType = archive.ar;
			path = libtoolkit.a;
			remoteRef = A8B3207A1AADF8F600D33333 /* PBXContainerItemProxy */;
			sourceTree = BUILT_PRODUCTS_DIR;
		};
/* End PBXReferenceProxy section */

/* Begin PBXResourcesBuildPhase section */
		00692BCD14FF149000D0A05E /* Resources */ = {
			isa = PBXResourcesBuildPhase;
			buildActionMask = 2147483647;
			files = (
				00748058165D41390024B57A /* assets in Resources */,
				A81E3DFA1993D0F3002B8978 /* Default-568h@2x.png in Resources */,
				A871F9831AA7C9B500D872B1 /* icon.png in Resources */,
			);
			runOnlyForDeploymentPostprocessing = 0;
		};
/* End PBXResourcesBuildPhase section */

/* Begin PBXSourcesBuildPhase section */
		00692BCB14FF149000D0A05E /* Sources */ = {
			isa = PBXSourcesBuildPhase;
			buildActionMask = 2147483647;
			files = (
				A8D7C09D1A75AE3000002385 /* TestingZFont.cpp in Sources */,
				A8DB3EC616E0B96C00504D27 /* Sketch.cpp in Sources */,
				A8CC2B361A49A5C300F8FBA5 /* TestingTasks.cpp in Sources */,
				A8994D481726E51E00C8851E /* Application.mm in Sources */,
				A8D947041A87980C007FB546 /* TestingIOService.cpp in Sources */,
				A8721A3F1A2BD7AE00AED9C8 /* TestingMisc.cpp in Sources */,
				A84E428F1A2A1D6D00EE6AC1 /* Path3D.cpp in Sources */,
				A8721A451A2BEF3000AED9C8 /* TestingMemory.cpp in Sources */,
				A8CC2B371A49A5C300F8FBA5 /* TestTask.cpp in Sources */,
				A8C16EA01A2A4A7300551905 /* main.cpp in Sources */,
			);
			runOnlyForDeploymentPostprocessing = 0;
		};
/* End PBXSourcesBuildPhase section */

/* Begin PBXTargetDependency section */
		A8B3207D1AADF90E00D33333 /* PBXTargetDependency */ = {
			isa = PBXTargetDependency;
			name = ios;
			targetProxy = A8B3207C1AADF90E00D33333 /* PBXContainerItemProxy */;
		};
/* End PBXTargetDependency section */

/* Begin XCBuildConfiguration section */
		00692BF314FF149000D0A05E /* Debug */ = {
			isa = XCBuildConfiguration;
			baseConfigurationReference = A81E3DFD1993D2AE002B8978 /* DebugConfig.xcconfig */;
			buildSettings = {
			};
			name = Debug;
		};
		00692BF414FF149000D0A05E /* Release */ = {
			isa = XCBuildConfiguration;
			baseConfigurationReference = A81E3DFE1993D2AE002B8978 /* ReleaseConfig.xcconfig */;
			buildSettings = {
			};
			name = Release;
		};
		00692BF614FF149000D0A05E /* Debug */ = {
			isa = XCBuildConfiguration;
			buildSettings = {
			};
			name = Debug;
		};
		00692BF714FF149000D0A05E /* Release */ = {
			isa = XCBuildConfiguration;
			buildSettings = {
			};
			name = Release;
		};
		A8EC2EBD17BB899D00FFACBA /* Distribution */ = {
			isa = XCBuildConfiguration;
			baseConfigurationReference = A81E3DFF1993D2AE002B8978 /* DistributionConfig.xcconfig */;
			buildSettings = {
			};
			name = Distribution;
		};
		A8EC2EBE17BB899D00FFACBA /* Distribution */ = {
			isa = XCBuildConfiguration;
			buildSettings = {
			};
			name = Distribution;
		};
/* End XCBuildConfiguration section */

/* Begin XCConfigurationList section */
		00692BC914FF149000D0A05E /* Build configuration list for PBXProject "TestBed1" */ = {
			isa = XCConfigurationList;
			buildConfigurations = (
				00692BF314FF149000D0A05E /* Debug */,
				00692BF414FF149000D0A05E /* Release */,
				A8EC2EBD17BB899D00FFACBA /* Distribution */,
			);
			defaultConfigurationIsVisible = 0;
			defaultConfigurationName = Release;
		};
		00692BF514FF149000D0A05E /* Build configuration list for PBXNativeTarget "Target1" */ = {
			isa = XCConfigurationList;
			buildConfigurations = (
				00692BF614FF149000D0A05E /* Debug */,
				00692BF714FF149000D0A05E /* Release */,
				A8EC2EBE17BB899D00FFACBA /* Distribution */,
			);
			defaultConfigurationIsVisible = 0;
			defaultConfigurationName = Release;
		};
/* End XCConfigurationList section */
	};
	rootObject = 00692BC614FF149000D0A05E /* Project object */;
}
