// !$*UTF8*$!
{
	archiveVersion = 1;
	classes = {
	};
	objectVersion = 46;
	objects = {

/* Begin PBXBuildFile section */
		00748058165D41390024B57A /* assets in Resources */ = {isa = PBXBuildFile; fileRef = 00748057165D41390024B57A /* assets */; };
		0091D8F90E81B9330029341E /* OpenGL.framework in Frameworks */ = {isa = PBXBuildFile; fileRef = 0091D8F80E81B9330029341E /* OpenGL.framework */; };
		00B784B30FF439BC000DE1D7 /* Accelerate.framework in Frameworks */ = {isa = PBXBuildFile; fileRef = 00B784AF0FF439BC000DE1D7 /* Accelerate.framework */; };
		00B784B40FF439BC000DE1D7 /* AudioToolbox.framework in Frameworks */ = {isa = PBXBuildFile; fileRef = 00B784B00FF439BC000DE1D7 /* AudioToolbox.framework */; };
		00B784B50FF439BC000DE1D7 /* AudioUnit.framework in Frameworks */ = {isa = PBXBuildFile; fileRef = 00B784B10FF439BC000DE1D7 /* AudioUnit.framework */; };
		00B784B60FF439BC000DE1D7 /* CoreAudio.framework in Frameworks */ = {isa = PBXBuildFile; fileRef = 00B784B20FF439BC000DE1D7 /* CoreAudio.framework */; };
		5323E6B20EAFCA74003A9687 /* CoreVideo.framework in Frameworks */ = {isa = PBXBuildFile; fileRef = 5323E6B10EAFCA74003A9687 /* CoreVideo.framework */; };
		5323E6B60EAFCA7E003A9687 /* QTKit.framework in Frameworks */ = {isa = PBXBuildFile; fileRef = 5323E6B50EAFCA7E003A9687 /* QTKit.framework */; };
		8D11072F0486CEB800E47090 /* Cocoa.framework in Frameworks */ = {isa = PBXBuildFile; fileRef = 1058C7A1FEA54F0111CA2CBB /* Cocoa.framework */; };
		A8027DFD16E3784B00184149 /* icon.icns in Resources */ = {isa = PBXBuildFile; fileRef = A8027DFC16E3784B00184149 /* icon.icns */; };
		A8112C101A4DC32B0002CF68 /* Sprite.cpp in Sources */ = {isa = PBXBuildFile; fileRef = A8112C0E1A4DC32B0002CF68 /* Sprite.cpp */; };
		A8147EF31A9A31D600885D67 /* Application.cpp in Sources */ = {isa = PBXBuildFile; fileRef = A8147EF21A9A31D600885D67 /* Application.cpp */; };
		A8147EF61A9A327900885D67 /* CinderBridge.mm in Sources */ = {isa = PBXBuildFile; fileRef = A8147EF41A9A327900885D67 /* CinderBridge.mm */; };
		A814C5DB1A374AE400F639E3 /* ImageSourceFileStbImage.cpp in Sources */ = {isa = PBXBuildFile; fileRef = A814C5D81A374AE400F639E3 /* ImageSourceFileStbImage.cpp */; };
		A81CCE3F1A3DA49300AF0BFC /* TestingTasks.cpp in Sources */ = {isa = PBXBuildFile; fileRef = A81CCE3D1A3DA49300AF0BFC /* TestingTasks.cpp */; };
		A81CCE421A3DA67800AF0BFC /* TestTask.cpp in Sources */ = {isa = PBXBuildFile; fileRef = A81CCE401A3DA67800AF0BFC /* TestTask.cpp */; };
		A82C910A16E02DAA00FF519C /* Sketch.cpp in Sources */ = {isa = PBXBuildFile; fileRef = A82C910816E02DAA00FF519C /* Sketch.cpp */; };
		A84E42891A2A1A8F00EE6AC1 /* emulators.json in Resources */ = {isa = PBXBuildFile; fileRef = A84E42881A2A1A8F00EE6AC1 /* emulators.json */; };
		A85977361A2F94F80080C906 /* MemoryManager.mm in Sources */ = {isa = PBXBuildFile; fileRef = A8CDB6561A2DC6F80043A5E5 /* MemoryManager.mm */; };
		A86902151A02E22300D2C9F3 /* ActualFont.cpp in Sources */ = {isa = PBXBuildFile; fileRef = A869014D1A02E22300D2C9F3 /* ActualFont.cpp */; };
		A86902161A02E22300D2C9F3 /* FontManager.cpp in Sources */ = {isa = PBXBuildFile; fileRef = A869014F1A02E22300D2C9F3 /* FontManager.cpp */; };
		A86902171A02E22300D2C9F3 /* FontSequence.cpp in Sources */ = {isa = PBXBuildFile; fileRef = A86901511A02E22300D2C9F3 /* FontSequence.cpp */; };
		A86902181A02E22300D2C9F3 /* FontTexture.cpp in Sources */ = {isa = PBXBuildFile; fileRef = A86901531A02E22300D2C9F3 /* FontTexture.cpp */; };
		A86902191A02E22300D2C9F3 /* LangHelper.cpp in Sources */ = {isa = PBXBuildFile; fileRef = A86901571A02E22300D2C9F3 /* LangHelper.cpp */; };
		A869021A1A02E22300D2C9F3 /* LayoutStore.cpp in Sources */ = {isa = PBXBuildFile; fileRef = A86901591A02E22300D2C9F3 /* LayoutStore.cpp */; };
		A869021B1A02E22400D2C9F3 /* LineLayout.cpp in Sources */ = {isa = PBXBuildFile; fileRef = A869015B1A02E22300D2C9F3 /* LineLayout.cpp */; };
		A869021C1A02E22400D2C9F3 /* scrptrun.cpp in Sources */ = {isa = PBXBuildFile; fileRef = A869015D1A02E22300D2C9F3 /* scrptrun.cpp */; };
		A869021D1A02E22400D2C9F3 /* TextItemizer.cpp in Sources */ = {isa = PBXBuildFile; fileRef = A869015F1A02E22300D2C9F3 /* TextItemizer.cpp */; };
		A869021E1A02E22400D2C9F3 /* VirtualFont.cpp in Sources */ = {isa = PBXBuildFile; fileRef = A86901631A02E22300D2C9F3 /* VirtualFont.cpp */; };
		A869022E1A02E22400D2C9F3 /* InputSource.cpp in Sources */ = {isa = PBXBuildFile; fileRef = A86901881A02E22300D2C9F3 /* InputSource.cpp */; };
		A86902351A02E22400D2C9F3 /* Handler.cpp in Sources */ = {isa = PBXBuildFile; fileRef = A869019F1A02E22300D2C9F3 /* Handler.cpp */; };
		A86902361A02E22400D2C9F3 /* SuperHandler.cpp in Sources */ = {isa = PBXBuildFile; fileRef = A86901A31A02E22300D2C9F3 /* SuperHandler.cpp */; };
		A869023B1A02E22400D2C9F3 /* FollowablePath.cpp in Sources */ = {isa = PBXBuildFile; fileRef = A86901B21A02E22300D2C9F3 /* FollowablePath.cpp */; };
		A869023C1A02E22400D2C9F3 /* FXGDocument.cpp in Sources */ = {isa = PBXBuildFile; fileRef = A86901B41A02E22300D2C9F3 /* FXGDocument.cpp */; };
		A869023D1A02E22400D2C9F3 /* Hairline.cpp in Sources */ = {isa = PBXBuildFile; fileRef = A86901B61A02E22300D2C9F3 /* Hairline.cpp */; };
		A869023E1A02E22400D2C9F3 /* ShapeMesh.cpp in Sources */ = {isa = PBXBuildFile; fileRef = A86901B81A02E22300D2C9F3 /* ShapeMesh.cpp */; };
		A869023F1A02E22400D2C9F3 /* ShapeTesselator.cpp in Sources */ = {isa = PBXBuildFile; fileRef = A86901BA1A02E22300D2C9F3 /* ShapeTesselator.cpp */; };
		A86902401A02E22400D2C9F3 /* SplinePath.cpp in Sources */ = {isa = PBXBuildFile; fileRef = A86901BC1A02E22300D2C9F3 /* SplinePath.cpp */; };
		A86902411A02E22400D2C9F3 /* QuadMatrix.cpp in Sources */ = {isa = PBXBuildFile; fileRef = A86901C41A02E22300D2C9F3 /* QuadMatrix.cpp */; };
		A86902461A02E22400D2C9F3 /* SystemManagerBase.cpp in Sources */ = {isa = PBXBuildFile; fileRef = A86901D51A02E22300D2C9F3 /* SystemManagerBase.cpp */; };
		A86902471A02E22400D2C9F3 /* PVRHelper.cpp in Sources */ = {isa = PBXBuildFile; fileRef = A86901D81A02E22300D2C9F3 /* PVRHelper.cpp */; };
		A86902491A02E22400D2C9F3 /* Texture.cpp in Sources */ = {isa = PBXBuildFile; fileRef = A86901DC1A02E22300D2C9F3 /* Texture.cpp */; };
		A869024A1A02E22400D2C9F3 /* TextureHelper.cpp in Sources */ = {isa = PBXBuildFile; fileRef = A86901DF1A02E22300D2C9F3 /* TextureHelper.cpp */; };
		A869024B1A02E22400D2C9F3 /* TextureManager.cpp in Sources */ = {isa = PBXBuildFile; fileRef = A86901E11A02E22300D2C9F3 /* TextureManager.cpp */; };
		A869024C1A02E22400D2C9F3 /* Clock.cpp in Sources */ = {isa = PBXBuildFile; fileRef = A86901E51A02E22300D2C9F3 /* Clock.cpp */; };
		A869024D1A02E22400D2C9F3 /* FrameClock.cpp in Sources */ = {isa = PBXBuildFile; fileRef = A86901E81A02E22300D2C9F3 /* FrameClock.cpp */; };
		A86902511A02E22400D2C9F3 /* GLUtils.cpp in Sources */ = {isa = PBXBuildFile; fileRef = A86901F81A02E22300D2C9F3 /* GLUtils.cpp */; };
		A86902521A02E22400D2C9F3 /* MathUtils.cpp in Sources */ = {isa = PBXBuildFile; fileRef = A86901FB1A02E22300D2C9F3 /* MathUtils.cpp */; };
		A86902551A02E22400D2C9F3 /* Utils.cpp in Sources */ = {isa = PBXBuildFile; fileRef = A86902041A02E22300D2C9F3 /* Utils.cpp */; };
		A86902601A02EDC100D2C9F3 /* Path3D.cpp in Sources */ = {isa = PBXBuildFile; fileRef = A869025E1A02EDC100D2C9F3 /* Path3D.cpp */; };
		A8702AAC1A5AFA8700EF9E9E /* DisplayHelperBase.cpp in Sources */ = {isa = PBXBuildFile; fileRef = A8702AAA1A5AFA8700EF9E9E /* DisplayHelperBase.cpp */; };
		A8721A3A1A2BD48000AED9C8 /* TestingMisc.cpp in Sources */ = {isa = PBXBuildFile; fileRef = A8721A381A2BD48000AED9C8 /* TestingMisc.cpp */; };
		A8721A421A2BE87E00AED9C8 /* TestingMemory1.cpp in Sources */ = {isa = PBXBuildFile; fileRef = A8721A401A2BE87E00AED9C8 /* TestingMemory1.cpp */; };
		A874A5021A2B550A009A60A0 /* Task.cpp in Sources */ = {isa = PBXBuildFile; fileRef = A874A4FE1A2B550A009A60A0 /* Task.cpp */; };
		A874A5031A2B550A009A60A0 /* TaskManager.cpp in Sources */ = {isa = PBXBuildFile; fileRef = A874A5001A2B550A009A60A0 /* TaskManager.cpp */; };
		A881B2781A351E2200AB18C0 /* Font.cpp in Sources */ = {isa = PBXBuildFile; fileRef = A881B2701A351E2200AB18C0 /* Font.cpp */; };
		A881B2791A351E2200AB18C0 /* FontManager.cpp in Sources */ = {isa = PBXBuildFile; fileRef = A881B2721A351E2200AB18C0 /* FontManager.cpp */; };
		A881B27A1A351E2200AB18C0 /* FontSequence.cpp in Sources */ = {isa = PBXBuildFile; fileRef = A881B2741A351E2200AB18C0 /* FontSequence.cpp */; };
		A881B27B1A351E2200AB18C0 /* TextHelper.cpp in Sources */ = {isa = PBXBuildFile; fileRef = A881B2761A351E2200AB18C0 /* TextHelper.cpp */; };
		A881B2811A35206A00AB18C0 /* TextureAtlas.cpp in Sources */ = {isa = PBXBuildFile; fileRef = A881B27D1A35206A00AB18C0 /* TextureAtlas.cpp */; };
		A881B2821A35206A00AB18C0 /* TextureAtlasAnimation.cpp in Sources */ = {isa = PBXBuildFile; fileRef = A881B27F1A35206A00AB18C0 /* TextureAtlasAnimation.cpp */; };
		A8A2B3A41A5AB6F7002B5ABD /* MemoryManagerBase.cpp in Sources */ = {isa = PBXBuildFile; fileRef = A8A2B3A31A5AB6F7002B5ABD /* MemoryManagerBase.cpp */; };
		A8A2B3B41A5AD953002B5ABD /* FileHelperBase.cpp in Sources */ = {isa = PBXBuildFile; fileRef = A8A2B3B21A5AD953002B5ABD /* FileHelperBase.cpp */; };
		A8A2B3B71A5ADCBA002B5ABD /* FileHelper.mm in Sources */ = {isa = PBXBuildFile; fileRef = A8A2B3B61A5ADCBA002B5ABD /* FileHelper.mm */; };
		A8B3365B1A045B2200ABEFBF /* Log.cpp in Sources */ = {isa = PBXBuildFile; fileRef = A8B336591A045B2200ABEFBF /* Log.cpp */; };
		A8C16E9E1A2A43E800551905 /* main.cpp in Sources */ = {isa = PBXBuildFile; fileRef = A8C16E9D1A2A43E800551905 /* main.cpp */; };
		A8C294AA1AC0485F00FD36C9 /* TestingDemangling.cpp in Sources */ = {isa = PBXBuildFile; fileRef = A8C294A81AC0485F00FD36C9 /* TestingDemangling.cpp */; };
		A8C7CA011B02523C0057D338 /* MemoryBuffer.cpp in Sources */ = {isa = PBXBuildFile; fileRef = A8C7C9FF1B02523C0057D338 /* MemoryBuffer.cpp */; };
		A8C7CA1B1B02BA460057D338 /* MappedFile.cpp in Sources */ = {isa = PBXBuildFile; fileRef = A8C7CA1A1B02BA460057D338 /* MappedFile.cpp */; };
		A8C7CA221B02C5E90057D338 /* MemoryBufferBase.cpp in Sources */ = {isa = PBXBuildFile; fileRef = A8C7CA211B02C5E90057D338 /* MemoryBufferBase.cpp */; };
		A8D55E6C1AFD84CB00880B52 /* TestingMemoryMapping.cpp in Sources */ = {isa = PBXBuildFile; fileRef = A8D55E6A1AFD84CB00880B52 /* TestingMemoryMapping.cpp */; };
		A8D7C09A1A75A71F00002385 /* TestingZFont.cpp in Sources */ = {isa = PBXBuildFile; fileRef = A8D7C0981A75A71F00002385 /* TestingZFont.cpp */; };
		A8D947011A8782A8007FB546 /* TestingIOService.cpp in Sources */ = {isa = PBXBuildFile; fileRef = A8D947001A8782A8007FB546 /* TestingIOService.cpp */; };
		A8D947131A87FA3F007FB546 /* CinderDelegate.mm in Sources */ = {isa = PBXBuildFile; fileRef = A8D947091A87FA3F007FB546 /* CinderDelegate.mm */; };
		A8D947161A87FA3F007FB546 /* NSView+StringTag.m in Sources */ = {isa = PBXBuildFile; fileRef = A8D947111A87FA3F007FB546 /* NSView+StringTag.m */; };
		A8DB87381A2CEE8700334BEA /* NSDictionary+DefautValues.m in Sources */ = {isa = PBXBuildFile; fileRef = A8DB87331A2CEE8700334BEA /* NSDictionary+DefautValues.m */; };
		A8DB87391A2CEE8700334BEA /* NSMutableDictionary+Merge.m in Sources */ = {isa = PBXBuildFile; fileRef = A8DB87351A2CEE8700334BEA /* NSMutableDictionary+Merge.m */; };
		A8DB873A1A2CEE8700334BEA /* NSString+JSON.m in Sources */ = {isa = PBXBuildFile; fileRef = A8DB87371A2CEE8700334BEA /* NSString+JSON.m */; };
		A8EBAF621AB10B6B0001A7C9 /* TestingBase.cpp in Sources */ = {isa = PBXBuildFile; fileRef = A8EBAF5E1AB10B6B0001A7C9 /* TestingBase.cpp */; };
		A8EBAF631AB10B6B0001A7C9 /* TestingSketch.cpp in Sources */ = {isa = PBXBuildFile; fileRef = A8EBAF601AB10B6B0001A7C9 /* TestingSketch.cpp */; };
		A8EBAF6D1AB1C1F70001A7C9 /* TestingMemory2.cpp in Sources */ = {isa = PBXBuildFile; fileRef = A8EBAF6C1AB1C1F70001A7C9 /* TestingMemory2.cpp */; };
		A8FBA63F1A72737700D6B4A3 /* DisplayHelper.cpp in Sources */ = {isa = PBXBuildFile; fileRef = A8FBA6381A72737700D6B4A3 /* DisplayHelper.cpp */; };
		A8FBA6401A72737700D6B4A3 /* SystemManager.cpp in Sources */ = {isa = PBXBuildFile; fileRef = A8FBA63C1A72737700D6B4A3 /* SystemManager.cpp */; };
		A8FBA6551A72739200D6B4A3 /* CinderDelegateBase.cpp in Sources */ = {isa = PBXBuildFile; fileRef = A8FBA6501A72739200D6B4A3 /* CinderDelegateBase.cpp */; };
		A8FBA6561A72739200D6B4A3 /* CinderSketch.cpp in Sources */ = {isa = PBXBuildFile; fileRef = A8FBA6521A72739200D6B4A3 /* CinderSketch.cpp */; };
		A8FBD69B1AF84C4F00AD3ADA /* TestingStringKey.cpp in Sources */ = {isa = PBXBuildFile; fileRef = A8FBD6991AF84C4F00AD3ADA /* TestingStringKey.cpp */; };
/* End PBXBuildFile section */

/* Begin PBXFileReference section */
		00748057165D41390024B57A /* assets */ = {isa = PBXFileReference; lastKnownFileType = folder; name = assets; path = ../assets; sourceTree = "<group>"; };
		0091D8F80E81B9330029341E /* OpenGL.framework */ = {isa = PBXFileReference; lastKnownFileType = wrapper.framework; name = OpenGL.framework; path = /System/Library/Frameworks/OpenGL.framework; sourceTree = "<absolute>"; };
		00B784AF0FF439BC000DE1D7 /* Accelerate.framework */ = {isa = PBXFileReference; lastKnownFileType = wrapper.framework; name = Accelerate.framework; path = System/Library/Frameworks/Accelerate.framework; sourceTree = SDKROOT; };
		00B784B00FF439BC000DE1D7 /* AudioToolbox.framework */ = {isa = PBXFileReference; lastKnownFileType = wrapper.framework; name = AudioToolbox.framework; path = System/Library/Frameworks/AudioToolbox.framework; sourceTree = SDKROOT; };
		00B784B10FF439BC000DE1D7 /* AudioUnit.framework */ = {isa = PBXFileReference; lastKnownFileType = wrapper.framework; name = AudioUnit.framework; path = System/Library/Frameworks/AudioUnit.framework; sourceTree = SDKROOT; };
		00B784B20FF439BC000DE1D7 /* CoreAudio.framework */ = {isa = PBXFileReference; lastKnownFileType = wrapper.framework; name = CoreAudio.framework; path = System/Library/Frameworks/CoreAudio.framework; sourceTree = SDKROOT; };
		1058C7A1FEA54F0111CA2CBB /* Cocoa.framework */ = {isa = PBXFileReference; lastKnownFileType = wrapper.framework; name = Cocoa.framework; path = /System/Library/Frameworks/Cocoa.framework; sourceTree = "<absolute>"; };
		29B97324FDCFA39411CA2CEA /* AppKit.framework */ = {isa = PBXFileReference; lastKnownFileType = wrapper.framework; name = AppKit.framework; path = /System/Library/Frameworks/AppKit.framework; sourceTree = "<absolute>"; };
		29B97325FDCFA39411CA2CEA /* Foundation.framework */ = {isa = PBXFileReference; lastKnownFileType = wrapper.framework; name = Foundation.framework; path = /System/Library/Frameworks/Foundation.framework; sourceTree = "<absolute>"; };
		3AE7D94AFD3E4E749C47CA7D /* Prefix.pch */ = {isa = PBXFileReference; lastKnownFileType = "\"\""; path = Prefix.pch; sourceTree = "<group>"; };
		5323E6B10EAFCA74003A9687 /* CoreVideo.framework */ = {isa = PBXFileReference; lastKnownFileType = wrapper.framework; name = CoreVideo.framework; path = /System/Library/Frameworks/CoreVideo.framework; sourceTree = "<absolute>"; };
		5323E6B50EAFCA7E003A9687 /* QTKit.framework */ = {isa = PBXFileReference; lastKnownFileType = wrapper.framework; name = QTKit.framework; path = /System/Library/Frameworks/QTKit.framework; sourceTree = "<absolute>"; };
		8D1107320486CEB800E47090 /* TestBed1.app */ = {isa = PBXFileReference; explicitFileType = wrapper.application; includeInIndex = 0; path = TestBed1.app; sourceTree = BUILT_PRODUCTS_DIR; };
		A3F48157030643B0B32007F4 /* Info.plist */ = {isa = PBXFileReference; lastKnownFileType = text.plist.xml; path = Info.plist; sourceTree = "<group>"; };
		A8027DFC16E3784B00184149 /* icon.icns */ = {isa = PBXFileReference; lastKnownFileType = image.icns; path = icon.icns; sourceTree = "<group>"; };
		A8112C0E1A4DC32B0002CF68 /* Sprite.cpp */ = {isa = PBXFileReference; fileEncoding = 4; lastKnownFileType = sourcecode.cpp.cpp; path = Sprite.cpp; sourceTree = "<group>"; };
		A8112C0F1A4DC32B0002CF68 /* Sprite.h */ = {isa = PBXFileReference; fileEncoding = 4; lastKnownFileType = sourcecode.c.h; path = Sprite.h; sourceTree = "<group>"; };
		A8147EF21A9A31D600885D67 /* Application.cpp */ = {isa = PBXFileReference; explicitFileType = sourcecode.cpp.objcpp; fileEncoding = 4; path = Application.cpp; sourceTree = "<group>"; };
		A8147EF41A9A327900885D67 /* CinderBridge.mm */ = {isa = PBXFileReference; fileEncoding = 4; lastKnownFileType = sourcecode.cpp.objcpp; path = CinderBridge.mm; sourceTree = "<group>"; };
		A8147EF51A9A327900885D67 /* CinderBridge.h */ = {isa = PBXFileReference; fileEncoding = 4; lastKnownFileType = sourcecode.c.h; path = CinderBridge.h; sourceTree = "<group>"; };
		A814C5D81A374AE400F639E3 /* ImageSourceFileStbImage.cpp */ = {isa = PBXFileReference; fileEncoding = 4; lastKnownFileType = sourcecode.cpp.cpp; path = ImageSourceFileStbImage.cpp; sourceTree = "<group>"; };
		A814C5D91A374AE400F639E3 /* ImageSourceFileStbImage.h */ = {isa = PBXFileReference; fileEncoding = 4; lastKnownFileType = sourcecode.c.h; path = ImageSourceFileStbImage.h; sourceTree = "<group>"; };
		A814C5DA1A374AE400F639E3 /* stb_image.h */ = {isa = PBXFileReference; fileEncoding = 4; lastKnownFileType = sourcecode.c.h; path = stb_image.h; sourceTree = "<group>"; };
		A81CCE3D1A3DA49300AF0BFC /* TestingTasks.cpp */ = {isa = PBXFileReference; fileEncoding = 4; lastKnownFileType = sourcecode.cpp.cpp; name = TestingTasks.cpp; path = ../src/TestingTasks.cpp; sourceTree = "<group>"; };
		A81CCE3E1A3DA49300AF0BFC /* TestingTasks.h */ = {isa = PBXFileReference; fileEncoding = 4; lastKnownFileType = sourcecode.c.h; name = TestingTasks.h; path = ../src/TestingTasks.h; sourceTree = "<group>"; };
		A81CCE401A3DA67800AF0BFC /* TestTask.cpp */ = {isa = PBXFileReference; fileEncoding = 4; lastKnownFileType = sourcecode.cpp.cpp; name = TestTask.cpp; path = ../src/TestTask.cpp; sourceTree = "<group>"; };
		A81CCE411A3DA67800AF0BFC /* TestTask.h */ = {isa = PBXFileReference; fileEncoding = 4; lastKnownFileType = sourcecode.c.h; name = TestTask.h; path = ../src/TestTask.h; sourceTree = "<group>"; };
		A82C910816E02DAA00FF519C /* Sketch.cpp */ = {isa = PBXFileReference; fileEncoding = 4; lastKnownFileType = sourcecode.cpp.cpp; name = Sketch.cpp; path = ../src/Sketch.cpp; sourceTree = "<group>"; };
		A82C910916E02DAA00FF519C /* Sketch.h */ = {isa = PBXFileReference; fileEncoding = 4; lastKnownFileType = sourcecode.c.h; name = Sketch.h; path = ../src/Sketch.h; sourceTree = "<group>"; };
		A82DCAB31A56FF3F00295247 /* FileCapture.h */ = {isa = PBXFileReference; fileEncoding = 4; lastKnownFileType = sourcecode.c.h; path = FileCapture.h; sourceTree = "<group>"; };
		A82DCAB41A56FF3F00295247 /* Timing.h */ = {isa = PBXFileReference; fileEncoding = 4; lastKnownFileType = sourcecode.c.h; path = Timing.h; sourceTree = "<group>"; };
		A83F54F71A311FF400E3531E /* Context.h */ = {isa = PBXFileReference; fileEncoding = 4; lastKnownFileType = sourcecode.c.h; path = Context.h; sourceTree = "<group>"; };
		A83F55031A312DC300E3531E /* FileHelper.h */ = {isa = PBXFileReference; fileEncoding = 4; lastKnownFileType = sourcecode.c.h; path = FileHelper.h; sourceTree = "<group>"; };
		A84E42881A2A1A8F00EE6AC1 /* emulators.json */ = {isa = PBXFileReference; fileEncoding = 4; lastKnownFileType = text.json; path = emulators.json; sourceTree = "<group>"; };
		A869013F1A02E22300D2C9F3 /* Exception.h */ = {isa = PBXFileReference; fileEncoding = 4; lastKnownFileType = sourcecode.c.h; path = Exception.h; sourceTree = "<group>"; };
		A869014D1A02E22300D2C9F3 /* ActualFont.cpp */ = {isa = PBXFileReference; fileEncoding = 4; lastKnownFileType = sourcecode.cpp.cpp; path = ActualFont.cpp; sourceTree = "<group>"; };
		A869014E1A02E22300D2C9F3 /* ActualFont.h */ = {isa = PBXFileReference; fileEncoding = 4; lastKnownFileType = sourcecode.c.h; path = ActualFont.h; sourceTree = "<group>"; };
		A869014F1A02E22300D2C9F3 /* FontManager.cpp */ = {isa = PBXFileReference; fileEncoding = 4; lastKnownFileType = sourcecode.cpp.cpp; path = FontManager.cpp; sourceTree = "<group>"; };
		A86901501A02E22300D2C9F3 /* FontManager.h */ = {isa = PBXFileReference; fileEncoding = 4; lastKnownFileType = sourcecode.c.h; path = FontManager.h; sourceTree = "<group>"; };
		A86901511A02E22300D2C9F3 /* FontSequence.cpp */ = {isa = PBXFileReference; fileEncoding = 4; lastKnownFileType = sourcecode.cpp.cpp; path = FontSequence.cpp; sourceTree = "<group>"; };
		A86901521A02E22300D2C9F3 /* FontSequence.h */ = {isa = PBXFileReference; fileEncoding = 4; lastKnownFileType = sourcecode.c.h; path = FontSequence.h; sourceTree = "<group>"; };
		A86901531A02E22300D2C9F3 /* FontTexture.cpp */ = {isa = PBXFileReference; fileEncoding = 4; lastKnownFileType = sourcecode.cpp.cpp; path = FontTexture.cpp; sourceTree = "<group>"; };
		A86901541A02E22300D2C9F3 /* FontTexture.h */ = {isa = PBXFileReference; fileEncoding = 4; lastKnownFileType = sourcecode.c.h; path = FontTexture.h; sourceTree = "<group>"; };
		A86901551A02E22300D2C9F3 /* FreetypeHelper.h */ = {isa = PBXFileReference; fileEncoding = 4; lastKnownFileType = sourcecode.c.h; path = FreetypeHelper.h; sourceTree = "<group>"; };
		A86901561A02E22300D2C9F3 /* GlyphData.h */ = {isa = PBXFileReference; fileEncoding = 4; lastKnownFileType = sourcecode.c.h; path = GlyphData.h; sourceTree = "<group>"; };
		A86901571A02E22300D2C9F3 /* LangHelper.cpp */ = {isa = PBXFileReference; fileEncoding = 4; lastKnownFileType = sourcecode.cpp.cpp; path = LangHelper.cpp; sourceTree = "<group>"; };
		A86901581A02E22300D2C9F3 /* LangHelper.h */ = {isa = PBXFileReference; fileEncoding = 4; lastKnownFileType = sourcecode.c.h; path = LangHelper.h; sourceTree = "<group>"; };
		A86901591A02E22300D2C9F3 /* LayoutStore.cpp */ = {isa = PBXFileReference; fileEncoding = 4; lastKnownFileType = sourcecode.cpp.cpp; path = LayoutStore.cpp; sourceTree = "<group>"; };
		A869015A1A02E22300D2C9F3 /* LayoutStore.h */ = {isa = PBXFileReference; fileEncoding = 4; lastKnownFileType = sourcecode.c.h; path = LayoutStore.h; sourceTree = "<group>"; };
		A869015B1A02E22300D2C9F3 /* LineLayout.cpp */ = {isa = PBXFileReference; fileEncoding = 4; lastKnownFileType = sourcecode.cpp.cpp; path = LineLayout.cpp; sourceTree = "<group>"; };
		A869015C1A02E22300D2C9F3 /* LineLayout.h */ = {isa = PBXFileReference; fileEncoding = 4; lastKnownFileType = sourcecode.c.h; path = LineLayout.h; sourceTree = "<group>"; };
		A869015D1A02E22300D2C9F3 /* scrptrun.cpp */ = {isa = PBXFileReference; fileEncoding = 4; lastKnownFileType = sourcecode.cpp.cpp; path = scrptrun.cpp; sourceTree = "<group>"; };
		A869015E1A02E22300D2C9F3 /* scrptrun.h */ = {isa = PBXFileReference; fileEncoding = 4; lastKnownFileType = sourcecode.c.h; path = scrptrun.h; sourceTree = "<group>"; };
		A869015F1A02E22300D2C9F3 /* TextItemizer.cpp */ = {isa = PBXFileReference; fileEncoding = 4; lastKnownFileType = sourcecode.cpp.cpp; path = TextItemizer.cpp; sourceTree = "<group>"; };
		A86901601A02E22300D2C9F3 /* TextItemizer.h */ = {isa = PBXFileReference; fileEncoding = 4; lastKnownFileType = sourcecode.c.h; path = TextItemizer.h; sourceTree = "<group>"; };
		A86901611A02E22300D2C9F3 /* TextLine.h */ = {isa = PBXFileReference; fileEncoding = 4; lastKnownFileType = sourcecode.c.h; path = TextLine.h; sourceTree = "<group>"; };
		A86901621A02E22300D2C9F3 /* TextRun.h */ = {isa = PBXFileReference; fileEncoding = 4; lastKnownFileType = sourcecode.c.h; path = TextRun.h; sourceTree = "<group>"; };
		A86901631A02E22300D2C9F3 /* VirtualFont.cpp */ = {isa = PBXFileReference; fileEncoding = 4; lastKnownFileType = sourcecode.cpp.cpp; path = VirtualFont.cpp; sourceTree = "<group>"; };
		A86901641A02E22300D2C9F3 /* VirtualFont.h */ = {isa = PBXFileReference; fileEncoding = 4; lastKnownFileType = sourcecode.c.h; path = VirtualFont.h; sourceTree = "<group>"; };
		A86901881A02E22300D2C9F3 /* InputSource.cpp */ = {isa = PBXFileReference; fileEncoding = 4; lastKnownFileType = sourcecode.cpp.cpp; path = InputSource.cpp; sourceTree = "<group>"; };
		A86901891A02E22300D2C9F3 /* InputSource.h */ = {isa = PBXFileReference; fileEncoding = 4; lastKnownFileType = sourcecode.c.h; path = InputSource.h; sourceTree = "<group>"; };
		A869019F1A02E22300D2C9F3 /* Handler.cpp */ = {isa = PBXFileReference; fileEncoding = 4; lastKnownFileType = sourcecode.cpp.cpp; path = Handler.cpp; sourceTree = "<group>"; };
		A86901A01A02E22300D2C9F3 /* Handler.h */ = {isa = PBXFileReference; fileEncoding = 4; lastKnownFileType = sourcecode.c.h; path = Handler.h; sourceTree = "<group>"; };
		A86901A11A02E22300D2C9F3 /* Message.h */ = {isa = PBXFileReference; fileEncoding = 4; lastKnownFileType = sourcecode.c.h; path = Message.h; sourceTree = "<group>"; };
		A86901A21A02E22300D2C9F3 /* SubHandler.h */ = {isa = PBXFileReference; fileEncoding = 4; lastKnownFileType = sourcecode.c.h; path = SubHandler.h; sourceTree = "<group>"; };
		A86901A31A02E22300D2C9F3 /* SuperHandler.cpp */ = {isa = PBXFileReference; fileEncoding = 4; lastKnownFileType = sourcecode.cpp.cpp; path = SuperHandler.cpp; sourceTree = "<group>"; };
		A86901A41A02E22300D2C9F3 /* SuperHandler.h */ = {isa = PBXFileReference; fileEncoding = 4; lastKnownFileType = sourcecode.c.h; path = SuperHandler.h; sourceTree = "<group>"; };
		A86901B11A02E22300D2C9F3 /* ASPC.h */ = {isa = PBXFileReference; fileEncoding = 4; lastKnownFileType = sourcecode.c.h; path = ASPC.h; sourceTree = "<group>"; };
		A86901B21A02E22300D2C9F3 /* FollowablePath.cpp */ = {isa = PBXFileReference; fileEncoding = 4; lastKnownFileType = sourcecode.cpp.cpp; path = FollowablePath.cpp; sourceTree = "<group>"; };
		A86901B31A02E22300D2C9F3 /* FollowablePath.h */ = {isa = PBXFileReference; fileEncoding = 4; lastKnownFileType = sourcecode.c.h; path = FollowablePath.h; sourceTree = "<group>"; };
		A86901B41A02E22300D2C9F3 /* FXGDocument.cpp */ = {isa = PBXFileReference; fileEncoding = 4; lastKnownFileType = sourcecode.cpp.cpp; path = FXGDocument.cpp; sourceTree = "<group>"; };
		A86901B51A02E22300D2C9F3 /* FXGDocument.h */ = {isa = PBXFileReference; fileEncoding = 4; lastKnownFileType = sourcecode.c.h; path = FXGDocument.h; sourceTree = "<group>"; };
		A86901B61A02E22300D2C9F3 /* Hairline.cpp */ = {isa = PBXFileReference; fileEncoding = 4; lastKnownFileType = sourcecode.cpp.cpp; path = Hairline.cpp; sourceTree = "<group>"; };
		A86901B71A02E22300D2C9F3 /* Hairline.h */ = {isa = PBXFileReference; fileEncoding = 4; lastKnownFileType = sourcecode.c.h; path = Hairline.h; sourceTree = "<group>"; };
		A86901B81A02E22300D2C9F3 /* ShapeMesh.cpp */ = {isa = PBXFileReference; fileEncoding = 4; lastKnownFileType = sourcecode.cpp.cpp; path = ShapeMesh.cpp; sourceTree = "<group>"; };
		A86901B91A02E22300D2C9F3 /* ShapeMesh.h */ = {isa = PBXFileReference; fileEncoding = 4; lastKnownFileType = sourcecode.c.h; path = ShapeMesh.h; sourceTree = "<group>"; };
		A86901BA1A02E22300D2C9F3 /* ShapeTesselator.cpp */ = {isa = PBXFileReference; fileEncoding = 4; lastKnownFileType = sourcecode.cpp.cpp; path = ShapeTesselator.cpp; sourceTree = "<group>"; };
		A86901BB1A02E22300D2C9F3 /* ShapeTesselator.h */ = {isa = PBXFileReference; fileEncoding = 4; lastKnownFileType = sourcecode.c.h; path = ShapeTesselator.h; sourceTree = "<group>"; };
		A86901BC1A02E22300D2C9F3 /* SplinePath.cpp */ = {isa = PBXFileReference; fileEncoding = 4; lastKnownFileType = sourcecode.cpp.cpp; path = SplinePath.cpp; sourceTree = "<group>"; };
		A86901BD1A02E22300D2C9F3 /* SplinePath.h */ = {isa = PBXFileReference; fileEncoding = 4; lastKnownFileType = sourcecode.c.h; path = SplinePath.h; sourceTree = "<group>"; };
		A86901BE1A02E22300D2C9F3 /* StrokeHelper.h */ = {isa = PBXFileReference; fileEncoding = 4; lastKnownFileType = sourcecode.c.h; path = StrokeHelper.h; sourceTree = "<group>"; };
		A86901BF1A02E22300D2C9F3 /* TexturedTriangleStrip.h */ = {isa = PBXFileReference; fileEncoding = 4; lastKnownFileType = sourcecode.c.h; path = TexturedTriangleStrip.h; sourceTree = "<group>"; };
		A86901C11A02E22300D2C9F3 /* Quad.h */ = {isa = PBXFileReference; fileEncoding = 4; lastKnownFileType = sourcecode.c.h; path = Quad.h; sourceTree = "<group>"; };
		A86901C21A02E22300D2C9F3 /* QuadBatch.h */ = {isa = PBXFileReference; fileEncoding = 4; lastKnownFileType = sourcecode.c.h; path = QuadBatch.h; sourceTree = "<group>"; };
		A86901C31A02E22300D2C9F3 /* QuadBatchMap.h */ = {isa = PBXFileReference; fileEncoding = 4; lastKnownFileType = sourcecode.c.h; path = QuadBatchMap.h; sourceTree = "<group>"; };
		A86901C41A02E22300D2C9F3 /* QuadMatrix.cpp */ = {isa = PBXFileReference; fileEncoding = 4; lastKnownFileType = sourcecode.cpp.cpp; path = QuadMatrix.cpp; sourceTree = "<group>"; };
		A86901C51A02E22300D2C9F3 /* QuadMatrix.h */ = {isa = PBXFileReference; fileEncoding = 4; lastKnownFileType = sourcecode.c.h; path = QuadMatrix.h; sourceTree = "<group>"; };
		A86901D01A02E22300D2C9F3 /* DisplayHelper.h */ = {isa = PBXFileReference; fileEncoding = 4; lastKnownFileType = sourcecode.c.h; path = DisplayHelper.h; sourceTree = "<group>"; };
		A86901D11A02E22300D2C9F3 /* DisplayInfo.h */ = {isa = PBXFileReference; fileEncoding = 4; lastKnownFileType = sourcecode.c.h; path = DisplayInfo.h; sourceTree = "<group>"; };
		A86901D21A02E22300D2C9F3 /* SystemInfo.h */ = {isa = PBXFileReference; fileEncoding = 4; lastKnownFileType = sourcecode.c.h; path = SystemInfo.h; sourceTree = "<group>"; };
		A86901D31A02E22300D2C9F3 /* SystemInfoBase.h */ = {isa = PBXFileReference; fileEncoding = 4; lastKnownFileType = sourcecode.c.h; path = SystemInfoBase.h; sourceTree = "<group>"; };
		A86901D41A02E22300D2C9F3 /* SystemManager.h */ = {isa = PBXFileReference; fileEncoding = 4; lastKnownFileType = sourcecode.c.h; path = SystemManager.h; sourceTree = "<group>"; };
		A86901D51A02E22300D2C9F3 /* SystemManagerBase.cpp */ = {isa = PBXFileReference; fileEncoding = 4; lastKnownFileType = sourcecode.cpp.cpp; path = SystemManagerBase.cpp; sourceTree = "<group>"; };
		A86901D61A02E22300D2C9F3 /* SystemManagerBase.h */ = {isa = PBXFileReference; fileEncoding = 4; lastKnownFileType = sourcecode.c.h; path = SystemManagerBase.h; sourceTree = "<group>"; };
		A86901D81A02E22300D2C9F3 /* PVRHelper.cpp */ = {isa = PBXFileReference; fileEncoding = 4; lastKnownFileType = sourcecode.cpp.cpp; path = PVRHelper.cpp; sourceTree = "<group>"; };
		A86901D91A02E22300D2C9F3 /* PVRHelper.h */ = {isa = PBXFileReference; fileEncoding = 4; lastKnownFileType = sourcecode.c.h; path = PVRHelper.h; sourceTree = "<group>"; };
		A86901DC1A02E22300D2C9F3 /* Texture.cpp */ = {isa = PBXFileReference; fileEncoding = 4; lastKnownFileType = sourcecode.cpp.cpp; path = Texture.cpp; sourceTree = "<group>"; };
		A86901DD1A02E22300D2C9F3 /* Texture.h */ = {isa = PBXFileReference; fileEncoding = 4; lastKnownFileType = sourcecode.c.h; path = Texture.h; sourceTree = "<group>"; };
		A86901DF1A02E22300D2C9F3 /* TextureHelper.cpp */ = {isa = PBXFileReference; fileEncoding = 4; lastKnownFileType = sourcecode.cpp.cpp; path = TextureHelper.cpp; sourceTree = "<group>"; };
		A86901E01A02E22300D2C9F3 /* TextureHelper.h */ = {isa = PBXFileReference; fileEncoding = 4; lastKnownFileType = sourcecode.c.h; path = TextureHelper.h; sourceTree = "<group>"; };
		A86901E11A02E22300D2C9F3 /* TextureManager.cpp */ = {isa = PBXFileReference; fileEncoding = 4; lastKnownFileType = sourcecode.cpp.cpp; path = TextureManager.cpp; sourceTree = "<group>"; };
		A86901E21A02E22300D2C9F3 /* TextureManager.h */ = {isa = PBXFileReference; fileEncoding = 4; lastKnownFileType = sourcecode.c.h; path = TextureManager.h; sourceTree = "<group>"; };
		A86901E51A02E22300D2C9F3 /* Clock.cpp */ = {isa = PBXFileReference; fileEncoding = 4; lastKnownFileType = sourcecode.cpp.cpp; path = Clock.cpp; sourceTree = "<group>"; };
		A86901E61A02E22300D2C9F3 /* Clock.h */ = {isa = PBXFileReference; fileEncoding = 4; lastKnownFileType = sourcecode.c.h; path = Clock.h; sourceTree = "<group>"; };
		A86901E71A02E22300D2C9F3 /* DefaultTimeBase.h */ = {isa = PBXFileReference; fileEncoding = 4; lastKnownFileType = sourcecode.c.h; path = DefaultTimeBase.h; sourceTree = "<group>"; };
		A86901E81A02E22300D2C9F3 /* FrameClock.cpp */ = {isa = PBXFileReference; fileEncoding = 4; lastKnownFileType = sourcecode.cpp.cpp; path = FrameClock.cpp; sourceTree = "<group>"; };
		A86901E91A02E22300D2C9F3 /* FrameClock.h */ = {isa = PBXFileReference; fileEncoding = 4; lastKnownFileType = sourcecode.c.h; path = FrameClock.h; sourceTree = "<group>"; };
		A86901EA1A02E22300D2C9F3 /* TimeBase.h */ = {isa = PBXFileReference; fileEncoding = 4; lastKnownFileType = sourcecode.c.h; path = TimeBase.h; sourceTree = "<group>"; };
		A86901F81A02E22300D2C9F3 /* GLUtils.cpp */ = {isa = PBXFileReference; fileEncoding = 4; lastKnownFileType = sourcecode.cpp.cpp; path = GLUtils.cpp; sourceTree = "<group>"; };
		A86901F91A02E22300D2C9F3 /* GLUtils.h */ = {isa = PBXFileReference; fileEncoding = 4; lastKnownFileType = sourcecode.c.h; path = GLUtils.h; sourceTree = "<group>"; };
		A86901FB1A02E22300D2C9F3 /* MathUtils.cpp */ = {isa = PBXFileReference; fileEncoding = 4; lastKnownFileType = sourcecode.cpp.cpp; path = MathUtils.cpp; sourceTree = "<group>"; };
		A86901FC1A02E22300D2C9F3 /* MathUtils.h */ = {isa = PBXFileReference; fileEncoding = 4; lastKnownFileType = sourcecode.c.h; path = MathUtils.h; sourceTree = "<group>"; };
		A86902021A02E22300D2C9F3 /* SyslogStringStream.h */ = {isa = PBXFileReference; fileEncoding = 4; lastKnownFileType = sourcecode.c.h; path = SyslogStringStream.h; sourceTree = "<group>"; };
		A86902041A02E22300D2C9F3 /* Utils.cpp */ = {isa = PBXFileReference; fileEncoding = 4; lastKnownFileType = sourcecode.cpp.cpp; path = Utils.cpp; sourceTree = "<group>"; };
		A86902051A02E22300D2C9F3 /* Utils.h */ = {isa = PBXFileReference; fileEncoding = 4; lastKnownFileType = sourcecode.c.h; path = Utils.h; sourceTree = "<group>"; };
		A869025E1A02EDC100D2C9F3 /* Path3D.cpp */ = {isa = PBXFileReference; fileEncoding = 4; lastKnownFileType = sourcecode.cpp.cpp; path = Path3D.cpp; sourceTree = "<group>"; };
		A869025F1A02EDC100D2C9F3 /* Path3D.h */ = {isa = PBXFileReference; fileEncoding = 4; lastKnownFileType = sourcecode.c.h; path = Path3D.h; sourceTree = "<group>"; };
		A8702AAA1A5AFA8700EF9E9E /* DisplayHelperBase.cpp */ = {isa = PBXFileReference; fileEncoding = 4; lastKnownFileType = sourcecode.cpp.cpp; path = DisplayHelperBase.cpp; sourceTree = "<group>"; };
		A8702AAB1A5AFA8700EF9E9E /* DisplayHelperBase.h */ = {isa = PBXFileReference; fileEncoding = 4; lastKnownFileType = sourcecode.c.h; path = DisplayHelperBase.h; sourceTree = "<group>"; };
		A8721A381A2BD48000AED9C8 /* TestingMisc.cpp */ = {isa = PBXFileReference; fileEncoding = 4; lastKnownFileType = sourcecode.cpp.cpp; name = TestingMisc.cpp; path = ../src/TestingMisc.cpp; sourceTree = "<group>"; };
		A8721A391A2BD48000AED9C8 /* TestingMisc.h */ = {isa = PBXFileReference; fileEncoding = 4; lastKnownFileType = sourcecode.c.h; name = TestingMisc.h; path = ../src/TestingMisc.h; sourceTree = "<group>"; };
		A8721A401A2BE87E00AED9C8 /* TestingMemory1.cpp */ = {isa = PBXFileReference; fileEncoding = 4; lastKnownFileType = sourcecode.cpp.cpp; name = TestingMemory1.cpp; path = ../src/TestingMemory1.cpp; sourceTree = "<group>"; };
		A8721A411A2BE87E00AED9C8 /* TestingMemory1.h */ = {isa = PBXFileReference; fileEncoding = 4; lastKnownFileType = sourcecode.c.h; name = TestingMemory1.h; path = ../src/TestingMemory1.h; sourceTree = "<group>"; };
		A874A4E91A2A8655009A60A0 /* Application.h */ = {isa = PBXFileReference; fileEncoding = 4; lastKnownFileType = sourcecode.c.h; path = Application.h; sourceTree = "<group>"; };
		A874A4FE1A2B550A009A60A0 /* Task.cpp */ = {isa = PBXFileReference; fileEncoding = 4; lastKnownFileType = sourcecode.cpp.cpp; path = Task.cpp; sourceTree = "<group>"; };
		A874A4FF1A2B550A009A60A0 /* Task.h */ = {isa = PBXFileReference; fileEncoding = 4; lastKnownFileType = sourcecode.c.h; path = Task.h; sourceTree = "<group>"; };
		A874A5001A2B550A009A60A0 /* TaskManager.cpp */ = {isa = PBXFileReference; fileEncoding = 4; lastKnownFileType = sourcecode.cpp.cpp; path = TaskManager.cpp; sourceTree = "<group>"; };
		A874A5011A2B550A009A60A0 /* TaskManager.h */ = {isa = PBXFileReference; fileEncoding = 4; lastKnownFileType = sourcecode.c.h; path = TaskManager.h; sourceTree = "<group>"; };
		A881B2701A351E2200AB18C0 /* Font.cpp */ = {isa = PBXFileReference; fileEncoding = 4; lastKnownFileType = sourcecode.cpp.cpp; path = Font.cpp; sourceTree = "<group>"; };
		A881B2711A351E2200AB18C0 /* Font.h */ = {isa = PBXFileReference; fileEncoding = 4; lastKnownFileType = sourcecode.c.h; path = Font.h; sourceTree = "<group>"; };
		A881B2721A351E2200AB18C0 /* FontManager.cpp */ = {isa = PBXFileReference; fileEncoding = 4; lastKnownFileType = sourcecode.cpp.cpp; path = FontManager.cpp; sourceTree = "<group>"; };
		A881B2731A351E2200AB18C0 /* FontManager.h */ = {isa = PBXFileReference; fileEncoding = 4; lastKnownFileType = sourcecode.c.h; path = FontManager.h; sourceTree = "<group>"; };
		A881B2741A351E2200AB18C0 /* FontSequence.cpp */ = {isa = PBXFileReference; fileEncoding = 4; lastKnownFileType = sourcecode.cpp.cpp; path = FontSequence.cpp; sourceTree = "<group>"; };
		A881B2751A351E2200AB18C0 /* FontSequence.h */ = {isa = PBXFileReference; fileEncoding = 4; lastKnownFileType = sourcecode.c.h; path = FontSequence.h; sourceTree = "<group>"; };
		A881B2761A351E2200AB18C0 /* TextHelper.cpp */ = {isa = PBXFileReference; fileEncoding = 4; lastKnownFileType = sourcecode.cpp.cpp; path = TextHelper.cpp; sourceTree = "<group>"; };
		A881B2771A351E2200AB18C0 /* TextHelper.h */ = {isa = PBXFileReference; fileEncoding = 4; lastKnownFileType = sourcecode.c.h; path = TextHelper.h; sourceTree = "<group>"; };
		A881B27D1A35206A00AB18C0 /* TextureAtlas.cpp */ = {isa = PBXFileReference; fileEncoding = 4; lastKnownFileType = sourcecode.cpp.cpp; path = TextureAtlas.cpp; sourceTree = "<group>"; };
		A881B27E1A35206A00AB18C0 /* TextureAtlas.h */ = {isa = PBXFileReference; fileEncoding = 4; lastKnownFileType = sourcecode.c.h; path = TextureAtlas.h; sourceTree = "<group>"; };
		A881B27F1A35206A00AB18C0 /* TextureAtlasAnimation.cpp */ = {isa = PBXFileReference; fileEncoding = 4; lastKnownFileType = sourcecode.cpp.cpp; path = TextureAtlasAnimation.cpp; sourceTree = "<group>"; };
		A881B2801A35206A00AB18C0 /* TextureAtlasAnimation.h */ = {isa = PBXFileReference; fileEncoding = 4; lastKnownFileType = sourcecode.c.h; path = TextureAtlasAnimation.h; sourceTree = "<group>"; };
		A89F40C41AF2D8D50052917E /* ObservableString.h */ = {isa = PBXFileReference; lastKnownFileType = sourcecode.c.h; name = ObservableString.h; path = ../src/ObservableString.h; sourceTree = "<group>"; };
		A8A2B3A31A5AB6F7002B5ABD /* MemoryManagerBase.cpp */ = {isa = PBXFileReference; fileEncoding = 4; lastKnownFileType = sourcecode.cpp.cpp; path = MemoryManagerBase.cpp; sourceTree = "<group>"; };
		A8A2B3B21A5AD953002B5ABD /* FileHelperBase.cpp */ = {isa = PBXFileReference; fileEncoding = 4; lastKnownFileType = sourcecode.cpp.cpp; path = FileHelperBase.cpp; sourceTree = "<group>"; };
		A8A2B3B31A5AD953002B5ABD /* FileHelperBase.h */ = {isa = PBXFileReference; fileEncoding = 4; lastKnownFileType = sourcecode.c.h; path = FileHelperBase.h; sourceTree = "<group>"; };
		A8A2B3B51A5ADCBA002B5ABD /* FileHelper.h */ = {isa = PBXFileReference; fileEncoding = 4; lastKnownFileType = sourcecode.c.h; path = FileHelper.h; sourceTree = "<group>"; };
		A8A2B3B61A5ADCBA002B5ABD /* FileHelper.mm */ = {isa = PBXFileReference; fileEncoding = 4; lastKnownFileType = sourcecode.cpp.objcpp; path = FileHelper.mm; sourceTree = "<group>"; };
		A8B336591A045B2200ABEFBF /* Log.cpp */ = {isa = PBXFileReference; fileEncoding = 4; lastKnownFileType = sourcecode.cpp.cpp; path = Log.cpp; sourceTree = "<group>"; };
		A8B3365A1A045B2200ABEFBF /* Log.h */ = {isa = PBXFileReference; fileEncoding = 4; lastKnownFileType = sourcecode.c.h; path = Log.h; sourceTree = "<group>"; };
		A8C16E9D1A2A43E800551905 /* main.cpp */ = {isa = PBXFileReference; explicitFileType = sourcecode.cpp.objcpp; fileEncoding = 4; name = main.cpp; path = ../src/main.cpp; sourceTree = "<group>"; };
		A8C294A81AC0485F00FD36C9 /* TestingDemangling.cpp */ = {isa = PBXFileReference; fileEncoding = 4; lastKnownFileType = sourcecode.cpp.cpp; name = TestingDemangling.cpp; path = ../src/TestingDemangling.cpp; sourceTree = "<group>"; };
		A8C294A91AC0485F00FD36C9 /* TestingDemangling.h */ = {isa = PBXFileReference; fileEncoding = 4; lastKnownFileType = sourcecode.c.h; name = TestingDemangling.h; path = ../src/TestingDemangling.h; sourceTree = "<group>"; };
		A8C7C9F71B023C400057D338 /* MemoryBuffer.h */ = {isa = PBXFileReference; lastKnownFileType = sourcecode.c.h; path = MemoryBuffer.h; sourceTree = "<group>"; };
		A8C7C9F81B023DDD0057D338 /* MemoryBufferBase.h */ = {isa = PBXFileReference; fileEncoding = 4; lastKnownFileType = sourcecode.c.h; path = MemoryBufferBase.h; sourceTree = "<group>"; };
		A8C7C9FF1B02523C0057D338 /* MemoryBuffer.cpp */ = {isa = PBXFileReference; fileEncoding = 4; lastKnownFileType = sourcecode.cpp.cpp; path = MemoryBuffer.cpp; sourceTree = "<group>"; };
		A8C7CA001B02523C0057D338 /* MemoryBuffer.h */ = {isa = PBXFileReference; fileEncoding = 4; lastKnownFileType = sourcecode.c.h; path = MemoryBuffer.h; sourceTree = "<group>"; };
		A8C7CA191B02B7880057D338 /* MappedFile.h */ = {isa = PBXFileReference; fileEncoding = 4; lastKnownFileType = sourcecode.c.h; path = MappedFile.h; sourceTree = "<group>"; };
		A8C7CA1A1B02BA460057D338 /* MappedFile.cpp */ = {isa = PBXFileReference; fileEncoding = 4; lastKnownFileType = sourcecode.cpp.cpp; path = MappedFile.cpp; sourceTree = "<group>"; };
		A8C7CA211B02C5E90057D338 /* MemoryBufferBase.cpp */ = {isa = PBXFileReference; fileEncoding = 4; lastKnownFileType = sourcecode.cpp.cpp; path = MemoryBufferBase.cpp; sourceTree = "<group>"; };
		A8CDB6501A2DC0B60043A5E5 /* MemoryManager.h */ = {isa = PBXFileReference; fileEncoding = 4; lastKnownFileType = sourcecode.c.h; path = MemoryManager.h; sourceTree = "<group>"; };
		A8CDB6521A2DC0B60043A5E5 /* MemoryManagerBase.h */ = {isa = PBXFileReference; fileEncoding = 4; lastKnownFileType = sourcecode.c.h; path = MemoryManagerBase.h; sourceTree = "<group>"; };
		A8CDB6551A2DC6F80043A5E5 /* MemoryManager.h */ = {isa = PBXFileReference; fileEncoding = 4; lastKnownFileType = sourcecode.c.h; path = MemoryManager.h; sourceTree = "<group>"; };
		A8CDB6561A2DC6F80043A5E5 /* MemoryManager.mm */ = {isa = PBXFileReference; fileEncoding = 4; lastKnownFileType = sourcecode.cpp.objcpp; path = MemoryManager.mm; sourceTree = "<group>"; };
		A8D55E6A1AFD84CB00880B52 /* TestingMemoryMapping.cpp */ = {isa = PBXFileReference; fileEncoding = 4; lastKnownFileType = sourcecode.cpp.cpp; name = TestingMemoryMapping.cpp; path = ../src/TestingMemoryMapping.cpp; sourceTree = "<group>"; };
		A8D55E6B1AFD84CB00880B52 /* TestingMemoryMapping.h */ = {isa = PBXFileReference; fileEncoding = 4; lastKnownFileType = sourcecode.c.h; name = TestingMemoryMapping.h; path = ../src/TestingMemoryMapping.h; sourceTree = "<group>"; };
		A8D7C0981A75A71F00002385 /* TestingZFont.cpp */ = {isa = PBXFileReference; fileEncoding = 4; lastKnownFileType = sourcecode.cpp.cpp; name = TestingZFont.cpp; path = ../src/TestingZFont.cpp; sourceTree = "<group>"; };
		A8D7C0991A75A71F00002385 /* TestingZFont.h */ = {isa = PBXFileReference; fileEncoding = 4; lastKnownFileType = sourcecode.c.h; name = TestingZFont.h; path = ../src/TestingZFont.h; sourceTree = "<group>"; };
		A8D946FF1A8782A8007FB546 /* TestingIOService.h */ = {isa = PBXFileReference; fileEncoding = 4; lastKnownFileType = sourcecode.c.h; name = TestingIOService.h; path = ../src/TestingIOService.h; sourceTree = "<group>"; };
		A8D947001A8782A8007FB546 /* TestingIOService.cpp */ = {isa = PBXFileReference; fileEncoding = 4; lastKnownFileType = sourcecode.cpp.cpp; name = TestingIOService.cpp; path = ../src/TestingIOService.cpp; sourceTree = "<group>"; };
		A8D947091A87FA3F007FB546 /* CinderDelegate.mm */ = {isa = PBXFileReference; fileEncoding = 4; lastKnownFileType = sourcecode.cpp.objcpp; path = CinderDelegate.mm; sourceTree = "<group>"; };
		A8D9470A1A87FA3F007FB546 /* CinderDelegate.h */ = {isa = PBXFileReference; fileEncoding = 4; lastKnownFileType = sourcecode.c.h; path = CinderDelegate.h; sourceTree = "<group>"; };
		A8D947101A87FA3F007FB546 /* NSView+StringTag.h */ = {isa = PBXFileReference; fileEncoding = 4; lastKnownFileType = sourcecode.c.h; path = "NSView+StringTag.h"; sourceTree = "<group>"; };
		A8D947111A87FA3F007FB546 /* NSView+StringTag.m */ = {isa = PBXFileReference; fileEncoding = 4; lastKnownFileType = sourcecode.c.objc; path = "NSView+StringTag.m"; sourceTree = "<group>"; };
		A8DB872E1A2CEDE400334BEA /* MemoryInfo.h */ = {isa = PBXFileReference; lastKnownFileType = sourcecode.c.h; path = MemoryInfo.h; sourceTree = "<group>"; };
		A8DB87321A2CEE8700334BEA /* NSDictionary+DefautValues.h */ = {isa = PBXFileReference; fileEncoding = 4; lastKnownFileType = sourcecode.c.h; path = "NSDictionary+DefautValues.h"; sourceTree = "<group>"; };
		A8DB87331A2CEE8700334BEA /* NSDictionary+DefautValues.m */ = {isa = PBXFileReference; fileEncoding = 4; lastKnownFileType = sourcecode.c.objc; path = "NSDictionary+DefautValues.m"; sourceTree = "<group>"; };
		A8DB87341A2CEE8700334BEA /* NSMutableDictionary+Merge.h */ = {isa = PBXFileReference; fileEncoding = 4; lastKnownFileType = sourcecode.c.h; path = "NSMutableDictionary+Merge.h"; sourceTree = "<group>"; };
		A8DB87351A2CEE8700334BEA /* NSMutableDictionary+Merge.m */ = {isa = PBXFileReference; fileEncoding = 4; lastKnownFileType = sourcecode.c.objc; path = "NSMutableDictionary+Merge.m"; sourceTree = "<group>"; };
		A8DB87361A2CEE8700334BEA /* NSString+JSON.h */ = {isa = PBXFileReference; fileEncoding = 4; lastKnownFileType = sourcecode.c.h; path = "NSString+JSON.h"; sourceTree = "<group>"; };
		A8DB87371A2CEE8700334BEA /* NSString+JSON.m */ = {isa = PBXFileReference; fileEncoding = 4; lastKnownFileType = sourcecode.c.objc; path = "NSString+JSON.m"; sourceTree = "<group>"; };
		A8EBAF5E1AB10B6B0001A7C9 /* TestingBase.cpp */ = {isa = PBXFileReference; fileEncoding = 4; lastKnownFileType = sourcecode.cpp.cpp; path = TestingBase.cpp; sourceTree = "<group>"; };
		A8EBAF5F1AB10B6B0001A7C9 /* TestingBase.h */ = {isa = PBXFileReference; fileEncoding = 4; lastKnownFileType = sourcecode.c.h; path = TestingBase.h; sourceTree = "<group>"; };
		A8EBAF601AB10B6B0001A7C9 /* TestingSketch.cpp */ = {isa = PBXFileReference; fileEncoding = 4; lastKnownFileType = sourcecode.cpp.cpp; path = TestingSketch.cpp; sourceTree = "<group>"; };
		A8EBAF611AB10B6B0001A7C9 /* TestingSketch.h */ = {isa = PBXFileReference; fileEncoding = 4; lastKnownFileType = sourcecode.c.h; path = TestingSketch.h; sourceTree = "<group>"; };
		A8EBAF6B1AB1C1F70001A7C9 /* TestingMemory2.h */ = {isa = PBXFileReference; fileEncoding = 4; lastKnownFileType = sourcecode.c.h; name = TestingMemory2.h; path = ../src/TestingMemory2.h; sourceTree = "<group>"; };
		A8EBAF6C1AB1C1F70001A7C9 /* TestingMemory2.cpp */ = {isa = PBXFileReference; fileEncoding = 4; lastKnownFileType = sourcecode.cpp.cpp; name = TestingMemory2.cpp; path = ../src/TestingMemory2.cpp; sourceTree = "<group>"; };
		A8F54D49198F8485008053E3 /* DebugConfig.xcconfig */ = {isa = PBXFileReference; lastKnownFileType = text.xcconfig; path = DebugConfig.xcconfig; sourceTree = "<group>"; };
		A8F54D4A198F8A36008053E3 /* ReleaseConfig.xcconfig */ = {isa = PBXFileReference; lastKnownFileType = text.xcconfig; path = ReleaseConfig.xcconfig; sourceTree = "<group>"; };
		A8F54D4B198F8C65008053E3 /* Config.xcconfig */ = {isa = PBXFileReference; lastKnownFileType = text.xcconfig; path = Config.xcconfig; sourceTree = "<group>"; };
		A8FBA6381A72737700D6B4A3 /* DisplayHelper.cpp */ = {isa = PBXFileReference; fileEncoding = 4; lastKnownFileType = sourcecode.cpp.cpp; path = DisplayHelper.cpp; sourceTree = "<group>"; };
		A8FBA6391A72737700D6B4A3 /* DisplayHelper.h */ = {isa = PBXFileReference; fileEncoding = 4; lastKnownFileType = sourcecode.c.h; path = DisplayHelper.h; sourceTree = "<group>"; };
		A8FBA63A1A72737700D6B4A3 /* EmulatedDevice.h */ = {isa = PBXFileReference; fileEncoding = 4; lastKnownFileType = sourcecode.c.h; path = EmulatedDevice.h; sourceTree = "<group>"; };
		A8FBA63B1A72737700D6B4A3 /* SystemInfo.h */ = {isa = PBXFileReference; fileEncoding = 4; lastKnownFileType = sourcecode.c.h; path = SystemInfo.h; sourceTree = "<group>"; };
		A8FBA63C1A72737700D6B4A3 /* SystemManager.cpp */ = {isa = PBXFileReference; fileEncoding = 4; lastKnownFileType = sourcecode.cpp.cpp; path = SystemManager.cpp; sourceTree = "<group>"; };
		A8FBA63D1A72737700D6B4A3 /* SystemManager.h */ = {isa = PBXFileReference; fileEncoding = 4; lastKnownFileType = sourcecode.c.h; path = SystemManager.h; sourceTree = "<group>"; };
		A8FBA64F1A72739200D6B4A3 /* CinderDelegate.h */ = {isa = PBXFileReference; fileEncoding = 4; lastKnownFileType = sourcecode.c.h; path = CinderDelegate.h; sourceTree = "<group>"; };
		A8FBA6501A72739200D6B4A3 /* CinderDelegateBase.cpp */ = {isa = PBXFileReference; fileEncoding = 4; lastKnownFileType = sourcecode.cpp.cpp; path = CinderDelegateBase.cpp; sourceTree = "<group>"; };
		A8FBA6511A72739200D6B4A3 /* CinderDelegateBase.h */ = {isa = PBXFileReference; fileEncoding = 4; lastKnownFileType = sourcecode.c.h; path = CinderDelegateBase.h; sourceTree = "<group>"; };
		A8FBA6521A72739200D6B4A3 /* CinderSketch.cpp */ = {isa = PBXFileReference; fileEncoding = 4; lastKnownFileType = sourcecode.cpp.cpp; path = CinderSketch.cpp; sourceTree = "<group>"; };
		A8FBA6531A72739200D6B4A3 /* CinderSketch.h */ = {isa = PBXFileReference; fileEncoding = 4; lastKnownFileType = sourcecode.c.h; path = CinderSketch.h; sourceTree = "<group>"; };
		A8FBA6541A72739200D6B4A3 /* WindowInfo.h */ = {isa = PBXFileReference; fileEncoding = 4; lastKnownFileType = sourcecode.c.h; path = WindowInfo.h; sourceTree = "<group>"; };
		A8FBD6991AF84C4F00AD3ADA /* TestingStringKey.cpp */ = {isa = PBXFileReference; fileEncoding = 4; lastKnownFileType = sourcecode.cpp.cpp; name = TestingStringKey.cpp; path = ../src/TestingStringKey.cpp; sourceTree = "<group>"; };
		A8FBD69A1AF84C4F00AD3ADA /* TestingStringKey.h */ = {isa = PBXFileReference; fileEncoding = 4; lastKnownFileType = sourcecode.c.h; name = TestingStringKey.h; path = ../src/TestingStringKey.h; sourceTree = "<group>"; };
/* End PBXFileReference section */

/* Begin PBXFrameworksBuildPhase section */
		8D11072E0486CEB800E47090 /* Frameworks */ = {
			isa = PBXFrameworksBuildPhase;
			buildActionMask = 2147483647;
			files = (
				8D11072F0486CEB800E47090 /* Cocoa.framework in Frameworks */,
				0091D8F90E81B9330029341E /* OpenGL.framework in Frameworks */,
				5323E6B20EAFCA74003A9687 /* CoreVideo.framework in Frameworks */,
				5323E6B60EAFCA7E003A9687 /* QTKit.framework in Frameworks */,
				00B784B30FF439BC000DE1D7 /* Accelerate.framework in Frameworks */,
				00B784B40FF439BC000DE1D7 /* AudioToolbox.framework in Frameworks */,
				00B784B50FF439BC000DE1D7 /* AudioUnit.framework in Frameworks */,
				00B784B60FF439BC000DE1D7 /* CoreAudio.framework in Frameworks */,
			);
			runOnlyForDeploymentPostprocessing = 0;
		};
/* End PBXFrameworksBuildPhase section */

/* Begin PBXGroup section */
		080E96DDFE201D6D7F000001 /* Source */ = {
			isa = PBXGroup;
			children = (
				A86F759B1A2BD1E50063FE2A /* Testing */,
				A8C16E9D1A2A43E800551905 /* main.cpp */,
				A82C910916E02DAA00FF519C /* Sketch.h */,
				A82C910816E02DAA00FF519C /* Sketch.cpp */,
			);
			name = Source;
			sourceTree = "<group>";
		};
		1058C7A0FEA54F0111CA2CBB /* Linked Frameworks */ = {
			isa = PBXGroup;
			children = (
				00B784AF0FF439BC000DE1D7 /* Accelerate.framework */,
				00B784B00FF439BC000DE1D7 /* AudioToolbox.framework */,
				00B784B10FF439BC000DE1D7 /* AudioUnit.framework */,
				00B784B20FF439BC000DE1D7 /* CoreAudio.framework */,
				5323E6B50EAFCA7E003A9687 /* QTKit.framework */,
				5323E6B10EAFCA74003A9687 /* CoreVideo.framework */,
				0091D8F80E81B9330029341E /* OpenGL.framework */,
				1058C7A1FEA54F0111CA2CBB /* Cocoa.framework */,
			);
			name = "Linked Frameworks";
			sourceTree = "<group>";
		};
		1058C7A2FEA54F0111CA2CBB /* Other Frameworks */ = {
			isa = PBXGroup;
			children = (
				29B97324FDCFA39411CA2CEA /* AppKit.framework */,
				29B97325FDCFA39411CA2CEA /* Foundation.framework */,
			);
			name = "Other Frameworks";
			sourceTree = "<group>";
		};
		19C28FACFE9D520D11CA2CBB /* Products */ = {
			isa = PBXGroup;
			children = (
				8D1107320486CEB800E47090 /* TestBed1.app */,
			);
			name = Products;
			sourceTree = "<group>";
		};
		29B97314FDCFA39411CA2CEA /* TestBed1 */ = {
			isa = PBXGroup;
			children = (
				A869011A1A02E22300D2C9F3 /* chronotext */,
				A869025C1A02EDC100D2C9F3 /* Common */,
				080E96DDFE201D6D7F000001 /* Source */,
				29B97317FDCFA39411CA2CEA /* Resources */,
				A879AD8C16D667C900BE6783 /* OSX */,
				29B97323FDCFA39411CA2CEA /* Frameworks */,
				19C28FACFE9D520D11CA2CBB /* Products */,
			);
			name = TestBed1;
			sourceTree = "<group>";
		};
		29B97317FDCFA39411CA2CEA /* Resources */ = {
			isa = PBXGroup;
			children = (
				00748057165D41390024B57A /* assets */,
			);
			name = Resources;
			sourceTree = "<group>";
		};
		29B97323FDCFA39411CA2CEA /* Frameworks */ = {
			isa = PBXGroup;
			children = (
				1058C7A0FEA54F0111CA2CBB /* Linked Frameworks */,
				1058C7A2FEA54F0111CA2CBB /* Other Frameworks */,
			);
			name = Frameworks;
			sourceTree = "<group>";
		};
		A8027DFB16E3784B00184149 /* Resources */ = {
			isa = PBXGroup;
			children = (
				A84E42881A2A1A8F00EE6AC1 /* emulators.json */,
				A8027DFC16E3784B00184149 /* icon.icns */,
			);
			path = Resources;
			sourceTree = "<group>";
		};
		A814C5D71A374AE400F639E3 /* stb */ = {
			isa = PBXGroup;
			children = (
				A814C5DA1A374AE400F639E3 /* stb_image.h */,
				A814C5D91A374AE400F639E3 /* ImageSourceFileStbImage.h */,
				A814C5D81A374AE400F639E3 /* ImageSourceFileStbImage.cpp */,
			);
			path = stb;
			sourceTree = "<group>";
		};
		A82DCA921A56FF3F00295247 /* incubator */ = {
			isa = PBXGroup;
			children = (
				A82DCAB21A56FF3F00295247 /* utils */,
			);
			path = incubator;
			sourceTree = "<group>";
		};
		A82DCAB21A56FF3F00295247 /* utils */ = {
			isa = PBXGroup;
			children = (
				A82DCAB31A56FF3F00295247 /* FileCapture.h */,
				A82DCAB41A56FF3F00295247 /* Timing.h */,
			);
			path = utils;
			sourceTree = "<group>";
		};
		A869011A1A02E22300D2C9F3 /* chronotext */ = {
			isa = PBXGroup;
			children = (
				A83F54F71A311FF400E3531E /* Context.h */,
				A8B3365A1A045B2200ABEFBF /* Log.h */,
				A8B336591A045B2200ABEFBF /* Log.cpp */,
				A869013F1A02E22300D2C9F3 /* Exception.h */,
				A86901891A02E22300D2C9F3 /* InputSource.h */,
				A86901881A02E22300D2C9F3 /* InputSource.cpp */,
				A881B27C1A35206A00AB18C0 /* atlas */,
				A86901331A02E22300D2C9F3 /* cinder */,
				A8DB87301A2CEE8700334BEA /* cocoa */,
				A8FBA6331A72737700D6B4A3 /* desktop */,
				A86901421A02E22300D2C9F3 /* font */,
				A82DCA921A56FF3F00295247 /* incubator */,
				A869019E1A02E22300D2C9F3 /* os */,
				A8D947051A87FA3F007FB546 /* osx */,
				A86901B01A02E22300D2C9F3 /* path */,
				A8C7CA171B02B7880057D338 /* posix */,
				A86901C01A02E22300D2C9F3 /* quad */,
				A86901CE1A02E22300D2C9F3 /* system */,
				A86901D71A02E22300D2C9F3 /* texture */,
				A86901E41A02E22300D2C9F3 /* time */,
				A86901F41A02E22300D2C9F3 /* utils */,
			);
			name = chronotext;
			path = "blocks/new-chronotext-toolkit/src/chronotext";
			sourceTree = CINDER_PATH_CHR;
		};
		A86901331A02E22300D2C9F3 /* cinder */ = {
			isa = PBXGroup;
			children = (
				A8FBA64F1A72739200D6B4A3 /* CinderDelegate.h */,
				A8FBA6501A72739200D6B4A3 /* CinderDelegateBase.cpp */,
				A8FBA6511A72739200D6B4A3 /* CinderDelegateBase.h */,
				A8FBA6521A72739200D6B4A3 /* CinderSketch.cpp */,
				A8FBA6531A72739200D6B4A3 /* CinderSketch.h */,
				A8FBA6541A72739200D6B4A3 /* WindowInfo.h */,
			);
			path = cinder;
			sourceTree = "<group>";
		};
		A86901421A02E22300D2C9F3 /* font */ = {
			isa = PBXGroup;
			children = (
				A881B26F1A351E2200AB18C0 /* xf */,
				A869014C1A02E22300D2C9F3 /* zf */,
			);
			path = font;
			sourceTree = "<group>";
		};
		A869014C1A02E22300D2C9F3 /* zf */ = {
			isa = PBXGroup;
			children = (
				A869014D1A02E22300D2C9F3 /* ActualFont.cpp */,
				A869014E1A02E22300D2C9F3 /* ActualFont.h */,
				A869014F1A02E22300D2C9F3 /* FontManager.cpp */,
				A86901501A02E22300D2C9F3 /* FontManager.h */,
				A86901511A02E22300D2C9F3 /* FontSequence.cpp */,
				A86901521A02E22300D2C9F3 /* FontSequence.h */,
				A86901531A02E22300D2C9F3 /* FontTexture.cpp */,
				A86901541A02E22300D2C9F3 /* FontTexture.h */,
				A86901551A02E22300D2C9F3 /* FreetypeHelper.h */,
				A86901561A02E22300D2C9F3 /* GlyphData.h */,
				A86901571A02E22300D2C9F3 /* LangHelper.cpp */,
				A86901581A02E22300D2C9F3 /* LangHelper.h */,
				A86901591A02E22300D2C9F3 /* LayoutStore.cpp */,
				A869015A1A02E22300D2C9F3 /* LayoutStore.h */,
				A869015B1A02E22300D2C9F3 /* LineLayout.cpp */,
				A869015C1A02E22300D2C9F3 /* LineLayout.h */,
				A869015D1A02E22300D2C9F3 /* scrptrun.cpp */,
				A869015E1A02E22300D2C9F3 /* scrptrun.h */,
				A869015F1A02E22300D2C9F3 /* TextItemizer.cpp */,
				A86901601A02E22300D2C9F3 /* TextItemizer.h */,
				A86901611A02E22300D2C9F3 /* TextLine.h */,
				A86901621A02E22300D2C9F3 /* TextRun.h */,
				A86901631A02E22300D2C9F3 /* VirtualFont.cpp */,
				A86901641A02E22300D2C9F3 /* VirtualFont.h */,
			);
			path = zf;
			sourceTree = "<group>";
		};
		A869019E1A02E22300D2C9F3 /* os */ = {
			isa = PBXGroup;
			children = (
				A86901A01A02E22300D2C9F3 /* Handler.h */,
				A869019F1A02E22300D2C9F3 /* Handler.cpp */,
				A86901A11A02E22300D2C9F3 /* Message.h */,
				A86901A21A02E22300D2C9F3 /* SubHandler.h */,
				A86901A41A02E22300D2C9F3 /* SuperHandler.h */,
				A86901A31A02E22300D2C9F3 /* SuperHandler.cpp */,
				A874A4FF1A2B550A009A60A0 /* Task.h */,
				A874A4FE1A2B550A009A60A0 /* Task.cpp */,
				A874A5011A2B550A009A60A0 /* TaskManager.h */,
				A874A5001A2B550A009A60A0 /* TaskManager.cpp */,
			);
			path = os;
			sourceTree = "<group>";
		};
		A86901B01A02E22300D2C9F3 /* path */ = {
			isa = PBXGroup;
			children = (
				A86901B11A02E22300D2C9F3 /* ASPC.h */,
				A86901B21A02E22300D2C9F3 /* FollowablePath.cpp */,
				A86901B31A02E22300D2C9F3 /* FollowablePath.h */,
				A86901B41A02E22300D2C9F3 /* FXGDocument.cpp */,
				A86901B51A02E22300D2C9F3 /* FXGDocument.h */,
				A86901B61A02E22300D2C9F3 /* Hairline.cpp */,
				A86901B71A02E22300D2C9F3 /* Hairline.h */,
				A86901B81A02E22300D2C9F3 /* ShapeMesh.cpp */,
				A86901B91A02E22300D2C9F3 /* ShapeMesh.h */,
				A86901BA1A02E22300D2C9F3 /* ShapeTesselator.cpp */,
				A86901BB1A02E22300D2C9F3 /* ShapeTesselator.h */,
				A86901BC1A02E22300D2C9F3 /* SplinePath.cpp */,
				A86901BD1A02E22300D2C9F3 /* SplinePath.h */,
				A86901BE1A02E22300D2C9F3 /* StrokeHelper.h */,
				A86901BF1A02E22300D2C9F3 /* TexturedTriangleStrip.h */,
			);
			path = path;
			sourceTree = "<group>";
		};
		A86901C01A02E22300D2C9F3 /* quad */ = {
			isa = PBXGroup;
			children = (
				A86901C11A02E22300D2C9F3 /* Quad.h */,
				A86901C21A02E22300D2C9F3 /* QuadBatch.h */,
				A86901C31A02E22300D2C9F3 /* QuadBatchMap.h */,
				A86901C41A02E22300D2C9F3 /* QuadMatrix.cpp */,
				A86901C51A02E22300D2C9F3 /* QuadMatrix.h */,
			);
			path = quad;
			sourceTree = "<group>";
		};
		A86901CE1A02E22300D2C9F3 /* system */ = {
			isa = PBXGroup;
			children = (
				A86901D01A02E22300D2C9F3 /* DisplayHelper.h */,
				A8702AAB1A5AFA8700EF9E9E /* DisplayHelperBase.h */,
				A8702AAA1A5AFA8700EF9E9E /* DisplayHelperBase.cpp */,
				A86901D11A02E22300D2C9F3 /* DisplayInfo.h */,
				A83F55031A312DC300E3531E /* FileHelper.h */,
				A8A2B3B31A5AD953002B5ABD /* FileHelperBase.h */,
				A8A2B3B21A5AD953002B5ABD /* FileHelperBase.cpp */,
				A86901D21A02E22300D2C9F3 /* SystemInfo.h */,
				A86901D31A02E22300D2C9F3 /* SystemInfoBase.h */,
				A86901D41A02E22300D2C9F3 /* SystemManager.h */,
				A86901D61A02E22300D2C9F3 /* SystemManagerBase.h */,
				A86901D51A02E22300D2C9F3 /* SystemManagerBase.cpp */,
				A8DB872E1A2CEDE400334BEA /* MemoryInfo.h */,
				A8CDB6501A2DC0B60043A5E5 /* MemoryManager.h */,
				A8CDB6521A2DC0B60043A5E5 /* MemoryManagerBase.h */,
				A8A2B3A31A5AB6F7002B5ABD /* MemoryManagerBase.cpp */,
				A8C7C9F71B023C400057D338 /* MemoryBuffer.h */,
				A8C7C9F81B023DDD0057D338 /* MemoryBufferBase.h */,
				A8C7CA211B02C5E90057D338 /* MemoryBufferBase.cpp */,
			);
			path = system;
			sourceTree = "<group>";
		};
		A86901D71A02E22300D2C9F3 /* texture */ = {
			isa = PBXGroup;
			children = (
				A86901D81A02E22300D2C9F3 /* PVRHelper.cpp */,
				A86901D91A02E22300D2C9F3 /* PVRHelper.h */,
				A86901DC1A02E22300D2C9F3 /* Texture.cpp */,
				A86901DD1A02E22300D2C9F3 /* Texture.h */,
				A86901DF1A02E22300D2C9F3 /* TextureHelper.cpp */,
				A86901E01A02E22300D2C9F3 /* TextureHelper.h */,
				A86901E11A02E22300D2C9F3 /* TextureManager.cpp */,
				A86901E21A02E22300D2C9F3 /* TextureManager.h */,
			);
			path = texture;
			sourceTree = "<group>";
		};
		A86901E41A02E22300D2C9F3 /* time */ = {
			isa = PBXGroup;
			children = (
				A86901E51A02E22300D2C9F3 /* Clock.cpp */,
				A86901E61A02E22300D2C9F3 /* Clock.h */,
				A86901E71A02E22300D2C9F3 /* DefaultTimeBase.h */,
				A86901E81A02E22300D2C9F3 /* FrameClock.cpp */,
				A86901E91A02E22300D2C9F3 /* FrameClock.h */,
				A86901EA1A02E22300D2C9F3 /* TimeBase.h */,
			);
			path = time;
			sourceTree = "<group>";
		};
		A86901F41A02E22300D2C9F3 /* utils */ = {
			isa = PBXGroup;
			children = (
				A814C5D71A374AE400F639E3 /* stb */,
				A86901F81A02E22300D2C9F3 /* GLUtils.cpp */,
				A86901F91A02E22300D2C9F3 /* GLUtils.h */,
				A86901FB1A02E22300D2C9F3 /* MathUtils.cpp */,
				A86901FC1A02E22300D2C9F3 /* MathUtils.h */,
				A86902021A02E22300D2C9F3 /* SyslogStringStream.h */,
				A86902041A02E22300D2C9F3 /* Utils.cpp */,
				A86902051A02E22300D2C9F3 /* Utils.h */,
			);
			path = utils;
			sourceTree = "<group>";
		};
		A869025C1A02EDC100D2C9F3 /* Common */ = {
			isa = PBXGroup;
			children = (
				A8EBAF5D1AB10B6B0001A7C9 /* Testing */,
				A869025D1A02EDC100D2C9F3 /* Path */,
			);
			name = Common;
			path = ../../../Common;
			sourceTree = "<group>";
		};
		A869025D1A02EDC100D2C9F3 /* Path */ = {
			isa = PBXGroup;
			children = (
				A869025E1A02EDC100D2C9F3 /* Path3D.cpp */,
				A869025F1A02EDC100D2C9F3 /* Path3D.h */,
			);
			path = Path;
			sourceTree = "<group>";
		};
		A86F759B1A2BD1E50063FE2A /* Testing */ = {
			isa = PBXGroup;
			children = (
				A8C294A91AC0485F00FD36C9 /* TestingDemangling.h */,
				A8C294A81AC0485F00FD36C9 /* TestingDemangling.cpp */,
				A8721A391A2BD48000AED9C8 /* TestingMisc.h */,
				A8721A381A2BD48000AED9C8 /* TestingMisc.cpp */,
				A8721A411A2BE87E00AED9C8 /* TestingMemory1.h */,
				A8721A401A2BE87E00AED9C8 /* TestingMemory1.cpp */,
				A8EBAF6B1AB1C1F70001A7C9 /* TestingMemory2.h */,
				A8EBAF6C1AB1C1F70001A7C9 /* TestingMemory2.cpp */,
				A8D55E6B1AFD84CB00880B52 /* TestingMemoryMapping.h */,
				A8D55E6A1AFD84CB00880B52 /* TestingMemoryMapping.cpp */,
				A81CCE3E1A3DA49300AF0BFC /* TestingTasks.h */,
				A81CCE3D1A3DA49300AF0BFC /* TestingTasks.cpp */,
				A81CCE411A3DA67800AF0BFC /* TestTask.h */,
				A81CCE401A3DA67800AF0BFC /* TestTask.cpp */,
				A8D7C0991A75A71F00002385 /* TestingZFont.h */,
				A8D7C0981A75A71F00002385 /* TestingZFont.cpp */,
				A8D946FF1A8782A8007FB546 /* TestingIOService.h */,
				A8D947001A8782A8007FB546 /* TestingIOService.cpp */,
				A8FBD69A1AF84C4F00AD3ADA /* TestingStringKey.h */,
				A8FBD6991AF84C4F00AD3ADA /* TestingStringKey.cpp */,
				A89F40C41AF2D8D50052917E /* ObservableString.h */,
			);
			name = Testing;
			sourceTree = "<group>";
		};
		A879AD8C16D667C900BE6783 /* OSX */ = {
			isa = PBXGroup;
			children = (
				A8F54D4B198F8C65008053E3 /* Config.xcconfig */,
				A8F54D49198F8485008053E3 /* DebugConfig.xcconfig */,
				A8F54D4A198F8A36008053E3 /* ReleaseConfig.xcconfig */,
				A3F48157030643B0B32007F4 /* Info.plist */,
				3AE7D94AFD3E4E749C47CA7D /* Prefix.pch */,
				A8994D491726E98F00C8851E /* Classes */,
				A8027DFB16E3784B00184149 /* Resources */,
			);
			name = OSX;
			sourceTree = "<group>";
		};
		A881B26F1A351E2200AB18C0 /* xf */ = {
			isa = PBXGroup;
			children = (
				A881B2701A351E2200AB18C0 /* Font.cpp */,
				A881B2711A351E2200AB18C0 /* Font.h */,
				A881B2721A351E2200AB18C0 /* FontManager.cpp */,
				A881B2731A351E2200AB18C0 /* FontManager.h */,
				A881B2741A351E2200AB18C0 /* FontSequence.cpp */,
				A881B2751A351E2200AB18C0 /* FontSequence.h */,
				A881B2761A351E2200AB18C0 /* TextHelper.cpp */,
				A881B2771A351E2200AB18C0 /* TextHelper.h */,
			);
			path = xf;
			sourceTree = "<group>";
		};
		A881B27C1A35206A00AB18C0 /* atlas */ = {
			isa = PBXGroup;
			children = (
				A8112C0F1A4DC32B0002CF68 /* Sprite.h */,
				A8112C0E1A4DC32B0002CF68 /* Sprite.cpp */,
				A881B27E1A35206A00AB18C0 /* TextureAtlas.h */,
				A881B27D1A35206A00AB18C0 /* TextureAtlas.cpp */,
				A881B2801A35206A00AB18C0 /* TextureAtlasAnimation.h */,
				A881B27F1A35206A00AB18C0 /* TextureAtlasAnimation.cpp */,
			);
			path = atlas;
			sourceTree = "<group>";
		};
		A8994D491726E98F00C8851E /* Classes */ = {
			isa = PBXGroup;
			children = (
				A874A4E91A2A8655009A60A0 /* Application.h */,
				A8147EF21A9A31D600885D67 /* Application.cpp */,
			);
			path = Classes;
			sourceTree = "<group>";
		};
		A8C7CA171B02B7880057D338 /* posix */ = {
			isa = PBXGroup;
			children = (
				A8C7CA181B02B7880057D338 /* system */,
			);
			path = posix;
			sourceTree = "<group>";
		};
		A8C7CA181B02B7880057D338 /* system */ = {
			isa = PBXGroup;
			children = (
				A8C7CA191B02B7880057D338 /* MappedFile.h */,
				A8C7CA1A1B02BA460057D338 /* MappedFile.cpp */,
			);
			path = system;
			sourceTree = "<group>";
		};
		A8CDB6541A2DC6F80043A5E5 /* system */ = {
			isa = PBXGroup;
			children = (
				A8A2B3B51A5ADCBA002B5ABD /* FileHelper.h */,
				A8A2B3B61A5ADCBA002B5ABD /* FileHelper.mm */,
				A8C7CA001B02523C0057D338 /* MemoryBuffer.h */,
				A8C7C9FF1B02523C0057D338 /* MemoryBuffer.cpp */,
				A8CDB6551A2DC6F80043A5E5 /* MemoryManager.h */,
				A8CDB6561A2DC6F80043A5E5 /* MemoryManager.mm */,
			);
			path = system;
			sourceTree = "<group>";
		};
		A8D947051A87FA3F007FB546 /* osx */ = {
			isa = PBXGroup;
			children = (
				A8D947061A87FA3F007FB546 /* cinder */,
				A8D9470F1A87FA3F007FB546 /* utils */,
			);
			path = osx;
			sourceTree = "<group>";
		};
		A8D947061A87FA3F007FB546 /* cinder */ = {
			isa = PBXGroup;
			children = (
				A8147EF51A9A327900885D67 /* CinderBridge.h */,
				A8147EF41A9A327900885D67 /* CinderBridge.mm */,
				A8D9470A1A87FA3F007FB546 /* CinderDelegate.h */,
				A8D947091A87FA3F007FB546 /* CinderDelegate.mm */,
			);
			path = cinder;
			sourceTree = "<group>";
		};
		A8D9470F1A87FA3F007FB546 /* utils */ = {
			isa = PBXGroup;
			children = (
				A8D947101A87FA3F007FB546 /* NSView+StringTag.h */,
				A8D947111A87FA3F007FB546 /* NSView+StringTag.m */,
			);
			path = utils;
			sourceTree = "<group>";
		};
		A8DB87301A2CEE8700334BEA /* cocoa */ = {
			isa = PBXGroup;
			children = (
				A8CDB6541A2DC6F80043A5E5 /* system */,
				A8DB87311A2CEE8700334BEA /* utils */,
			);
			path = cocoa;
			sourceTree = "<group>";
		};
		A8DB87311A2CEE8700334BEA /* utils */ = {
			isa = PBXGroup;
			children = (
				A8DB87321A2CEE8700334BEA /* NSDictionary+DefautValues.h */,
				A8DB87331A2CEE8700334BEA /* NSDictionary+DefautValues.m */,
				A8DB87341A2CEE8700334BEA /* NSMutableDictionary+Merge.h */,
				A8DB87351A2CEE8700334BEA /* NSMutableDictionary+Merge.m */,
				A8DB87361A2CEE8700334BEA /* NSString+JSON.h */,
				A8DB87371A2CEE8700334BEA /* NSString+JSON.m */,
			);
			path = utils;
			sourceTree = "<group>";
		};
		A8EBAF5D1AB10B6B0001A7C9 /* Testing */ = {
			isa = PBXGroup;
			children = (
				A8EBAF5E1AB10B6B0001A7C9 /* TestingBase.cpp */,
				A8EBAF5F1AB10B6B0001A7C9 /* TestingBase.h */,
				A8EBAF601AB10B6B0001A7C9 /* TestingSketch.cpp */,
				A8EBAF611AB10B6B0001A7C9 /* TestingSketch.h */,
			);
			path = Testing;
			sourceTree = "<group>";
		};
		A8FBA6331A72737700D6B4A3 /* desktop */ = {
			isa = PBXGroup;
			children = (
				A8FBA6371A72737700D6B4A3 /* system */,
			);
			path = desktop;
			sourceTree = "<group>";
		};
		A8FBA6371A72737700D6B4A3 /* system */ = {
			isa = PBXGroup;
			children = (
				A8FBA6391A72737700D6B4A3 /* DisplayHelper.h */,
				A8FBA6381A72737700D6B4A3 /* DisplayHelper.cpp */,
				A8FBA63A1A72737700D6B4A3 /* EmulatedDevice.h */,
				A8FBA63B1A72737700D6B4A3 /* SystemInfo.h */,
				A8FBA63D1A72737700D6B4A3 /* SystemManager.h */,
				A8FBA63C1A72737700D6B4A3 /* SystemManager.cpp */,
			);
			path = system;
			sourceTree = "<group>";
		};
/* End PBXGroup section */

/* Begin PBXNativeTarget section */
		8D1107260486CEB800E47090 /* TestBed1 */ = {
			isa = PBXNativeTarget;
			buildConfigurationList = C01FCF4A08A954540054247B /* Build configuration list for PBXNativeTarget "TestBed1" */;
			buildPhases = (
				8D1107290486CEB800E47090 /* Resources */,
				8D11072C0486CEB800E47090 /* Sources */,
				8D11072E0486CEB800E47090 /* Frameworks */,
			);
			buildRules = (
			);
			dependencies = (
			);
			name = TestBed1;
			productInstallPath = "$(HOME)/Applications";
			productName = TestBed1;
			productReference = 8D1107320486CEB800E47090 /* TestBed1.app */;
			productType = "com.apple.product-type.application";
		};
/* End PBXNativeTarget section */

/* Begin PBXProject section */
		29B97313FDCFA39411CA2CEA /* Project object */ = {
			isa = PBXProject;
			attributes = {
				LastUpgradeCheck = 0630;
			};
			buildConfigurationList = C01FCF4E08A954540054247B /* Build configuration list for PBXProject "TestBed1" */;
			compatibilityVersion = "Xcode 3.2";
			developmentRegion = English;
			hasScannedForEncodings = 1;
			knownRegions = (
				English,
				Japanese,
				French,
				German,
			);
			mainGroup = 29B97314FDCFA39411CA2CEA /* TestBed1 */;
			projectDirPath = "";
			projectRoot = "";
			targets = (
				8D1107260486CEB800E47090 /* TestBed1 */,
			);
		};
/* End PBXProject section */

/* Begin PBXResourcesBuildPhase section */
		8D1107290486CEB800E47090 /* Resources */ = {
			isa = PBXResourcesBuildPhase;
			buildActionMask = 2147483647;
			files = (
				A84E42891A2A1A8F00EE6AC1 /* emulators.json in Resources */,
				00748058165D41390024B57A /* assets in Resources */,
				A8027DFD16E3784B00184149 /* icon.icns in Resources */,
			);
			runOnlyForDeploymentPostprocessing = 0;
		};
/* End PBXResourcesBuildPhase section */

/* Begin PBXSourcesBuildPhase section */
		8D11072C0486CEB800E47090 /* Sources */ = {
			isa = PBXSourcesBuildPhase;
			buildActionMask = 2147483647;
			files = (
				A8C16E9E1A2A43E800551905 /* main.cpp in Sources */,
				A874A5031A2B550A009A60A0 /* TaskManager.cpp in Sources */,
				A8FBA6561A72739200D6B4A3 /* CinderSketch.cpp in Sources */,
				A8112C101A4DC32B0002CF68 /* Sprite.cpp in Sources */,
				A8D55E6C1AFD84CB00880B52 /* TestingMemoryMapping.cpp in Sources */,
				A86902151A02E22300D2C9F3 /* ActualFont.cpp in Sources */,
				A86902471A02E22400D2C9F3 /* PVRHelper.cpp in Sources */,
				A881B2811A35206A00AB18C0 /* TextureAtlas.cpp in Sources */,
				A8D947011A8782A8007FB546 /* TestingIOService.cpp in Sources */,
				A8A2B3B71A5ADCBA002B5ABD /* FileHelper.mm in Sources */,
				A86902511A02E22400D2C9F3 /* GLUtils.cpp in Sources */,
				A874A5021A2B550A009A60A0 /* Task.cpp in Sources */,
				A8702AAC1A5AFA8700EF9E9E /* DisplayHelperBase.cpp in Sources */,
				A881B27A1A351E2200AB18C0 /* FontSequence.cpp in Sources */,
				A8C7CA221B02C5E90057D338 /* MemoryBufferBase.cpp in Sources */,
				A86902401A02E22400D2C9F3 /* SplinePath.cpp in Sources */,
				A869021A1A02E22300D2C9F3 /* LayoutStore.cpp in Sources */,
				A869021D1A02E22400D2C9F3 /* TextItemizer.cpp in Sources */,
				A86902491A02E22400D2C9F3 /* Texture.cpp in Sources */,
				A86902351A02E22400D2C9F3 /* Handler.cpp in Sources */,
				A881B2821A35206A00AB18C0 /* TextureAtlasAnimation.cpp in Sources */,
				A869023F1A02E22400D2C9F3 /* ShapeTesselator.cpp in Sources */,
				A869022E1A02E22400D2C9F3 /* InputSource.cpp in Sources */,
				A86902601A02EDC100D2C9F3 /* Path3D.cpp in Sources */,
				A8EBAF621AB10B6B0001A7C9 /* TestingBase.cpp in Sources */,
				A8A2B3A41A5AB6F7002B5ABD /* MemoryManagerBase.cpp in Sources */,
				A8FBA6401A72737700D6B4A3 /* SystemManager.cpp in Sources */,
				A8C7CA1B1B02BA460057D338 /* MappedFile.cpp in Sources */,
				A869021E1A02E22400D2C9F3 /* VirtualFont.cpp in Sources */,
				A86902521A02E22400D2C9F3 /* MathUtils.cpp in Sources */,
				A82C910A16E02DAA00FF519C /* Sketch.cpp in Sources */,
				A81CCE3F1A3DA49300AF0BFC /* TestingTasks.cpp in Sources */,
				A8DB873A1A2CEE8700334BEA /* NSString+JSON.m in Sources */,
				A86902191A02E22300D2C9F3 /* LangHelper.cpp in Sources */,
				A8721A421A2BE87E00AED9C8 /* TestingMemory1.cpp in Sources */,
				A881B27B1A351E2200AB18C0 /* TextHelper.cpp in Sources */,
				A8147EF31A9A31D600885D67 /* Application.cpp in Sources */,
				A8FBD69B1AF84C4F00AD3ADA /* TestingStringKey.cpp in Sources */,
				A8C7CA011B02523C0057D338 /* MemoryBuffer.cpp in Sources */,
				A8D7C09A1A75A71F00002385 /* TestingZFont.cpp in Sources */,
				A86902361A02E22400D2C9F3 /* SuperHandler.cpp in Sources */,
				A869024D1A02E22400D2C9F3 /* FrameClock.cpp in Sources */,
				A814C5DB1A374AE400F639E3 /* ImageSourceFileStbImage.cpp in Sources */,
				A86902551A02E22400D2C9F3 /* Utils.cpp in Sources */,
				A8FBA63F1A72737700D6B4A3 /* DisplayHelper.cpp in Sources */,
				A8C294AA1AC0485F00FD36C9 /* TestingDemangling.cpp in Sources */,
				A881B2791A351E2200AB18C0 /* FontManager.cpp in Sources */,
				A86902411A02E22400D2C9F3 /* QuadMatrix.cpp in Sources */,
				A8A2B3B41A5AD953002B5ABD /* FileHelperBase.cpp in Sources */,
				A869024B1A02E22400D2C9F3 /* TextureManager.cpp in Sources */,
				A8147EF61A9A327900885D67 /* CinderBridge.mm in Sources */,
				A8FBA6551A72739200D6B4A3 /* CinderDelegateBase.cpp in Sources */,
				A869023C1A02E22400D2C9F3 /* FXGDocument.cpp in Sources */,
				A8EBAF6D1AB1C1F70001A7C9 /* TestingMemory2.cpp in Sources */,
				A85977361A2F94F80080C906 /* MemoryManager.mm in Sources */,
				A869023E1A02E22400D2C9F3 /* ShapeMesh.cpp in Sources */,
				A869023B1A02E22400D2C9F3 /* FollowablePath.cpp in Sources */,
				A86902461A02E22400D2C9F3 /* SystemManagerBase.cpp in Sources */,
				A8DB87391A2CEE8700334BEA /* NSMutableDictionary+Merge.m in Sources */,
				A869024C1A02E22400D2C9F3 /* Clock.cpp in Sources */,
				A869021B1A02E22400D2C9F3 /* LineLayout.cpp in Sources */,
				A8D947131A87FA3F007FB546 /* CinderDelegate.mm in Sources */,
				A81CCE421A3DA67800AF0BFC /* TestTask.cpp in Sources */,
				A8721A3A1A2BD48000AED9C8 /* TestingMisc.cpp in Sources */,
				A869023D1A02E22400D2C9F3 /* Hairline.cpp in Sources */,
				A86902161A02E22300D2C9F3 /* FontManager.cpp in Sources */,
				A86902181A02E22300D2C9F3 /* FontTexture.cpp in Sources */,
				A869024A1A02E22400D2C9F3 /* TextureHelper.cpp in Sources */,
				A869021C1A02E22400D2C9F3 /* scrptrun.cpp in Sources */,
				A8DB87381A2CEE8700334BEA /* NSDictionary+DefautValues.m in Sources */,
				A881B2781A351E2200AB18C0 /* Font.cpp in Sources */,
				A8D947161A87FA3F007FB546 /* NSView+StringTag.m in Sources */,
				A86902171A02E22300D2C9F3 /* FontSequence.cpp in Sources */,
				A8EBAF631AB10B6B0001A7C9 /* TestingSketch.cpp in Sources */,
				A8B3365B1A045B2200ABEFBF /* Log.cpp in Sources */,
			);
			runOnlyForDeploymentPostprocessing = 0;
		};
/* End PBXSourcesBuildPhase section */

/* Begin XCBuildConfiguration section */
		C01FCF4B08A954540054247B /* Debug */ = {
			isa = XCBuildConfiguration;
			buildSettings = {
			};
			name = Debug;
		};
		C01FCF4C08A954540054247B /* Release */ = {
			isa = XCBuildConfiguration;
			buildSettings = {
			};
			name = Release;
		};
		C01FCF4F08A954540054247B /* Debug */ = {
			isa = XCBuildConfiguration;
			baseConfigurationReference = A8F54D49198F8485008053E3 /* DebugConfig.xcconfig */;
			buildSettings = {
			};
			name = Debug;
		};
		C01FCF5008A954540054247B /* Release */ = {
			isa = XCBuildConfiguration;
			baseConfigurationReference = A8F54D4A198F8A36008053E3 /* ReleaseConfig.xcconfig */;
			buildSettings = {
			};
			name = Release;
		};
/* End XCBuildConfiguration section */

/* Begin XCConfigurationList section */
		C01FCF4A08A954540054247B /* Build configuration list for PBXNativeTarget "TestBed1" */ = {
			isa = XCConfigurationList;
			buildConfigurations = (
				C01FCF4B08A954540054247B /* Debug */,
				C01FCF4C08A954540054247B /* Release */,
			);
			defaultConfigurationIsVisible = 0;
			defaultConfigurationName = Release;
		};
		C01FCF4E08A954540054247B /* Build configuration list for PBXProject "TestBed1" */ = {
			isa = XCConfigurationList;
			buildConfigurations = (
				C01FCF4F08A954540054247B /* Debug */,
				C01FCF5008A954540054247B /* Release */,
			);
			defaultConfigurationIsVisible = 0;
			defaultConfigurationName = Release;
		};
/* End XCConfigurationList section */
	};
	rootObject = 29B97313FDCFA39411CA2CEA /* Project object */;
}
