// !$*UTF8*$!
{
	archiveVersion = 1;
	classes = {
	};
	objectVersion = 46;
	objects = {

/* Begin PBXBuildFile section */
		00748058165D41390024B57A /* assets in Resources */ = {isa = PBXBuildFile; fileRef = 00748057165D41390024B57A /* assets */; };
		0091D8F90E81B9330029341E /* OpenGL.framework in Frameworks */ = {isa = PBXBuildFile; fileRef = 0091D8F80E81B9330029341E /* OpenGL.framework */; };
		00B784B30FF439BC000DE1D7 /* Accelerate.framework in Frameworks */ = {isa = PBXBuildFile; fileRef = 00B784AF0FF439BC000DE1D7 /* Accelerate.framework */; };
		00B784B40FF439BC000DE1D7 /* AudioToolbox.framework in Frameworks */ = {isa = PBXBuildFile; fileRef = 00B784B00FF439BC000DE1D7 /* AudioToolbox.framework */; };
		00B784B50FF439BC000DE1D7 /* AudioUnit.framework in Frameworks */ = {isa = PBXBuildFile; fileRef = 00B784B10FF439BC000DE1D7 /* AudioUnit.framework */; };
		00B784B60FF439BC000DE1D7 /* CoreAudio.framework in Frameworks */ = {isa = PBXBuildFile; fileRef = 00B784B20FF439BC000DE1D7 /* CoreAudio.framework */; };
		5323E6B20EAFCA74003A9687 /* CoreVideo.framework in Frameworks */ = {isa = PBXBuildFile; fileRef = 5323E6B10EAFCA74003A9687 /* CoreVideo.framework */; };
		5323E6B60EAFCA7E003A9687 /* QTKit.framework in Frameworks */ = {isa = PBXBuildFile; fileRef = 5323E6B50EAFCA7E003A9687 /* QTKit.framework */; };
		8D11072F0486CEB800E47090 /* Cocoa.framework in Frameworks */ = {isa = PBXBuildFile; fileRef = 1058C7A1FEA54F0111CA2CBB /* Cocoa.framework */; };
		A8027DFD16E3784B00184149 /* icon.icns in Resources */ = {isa = PBXBuildFile; fileRef = A8027DFC16E3784B00184149 /* icon.icns */; };
		A8147EF31A9A31D600885D67 /* Application.cpp in Sources */ = {isa = PBXBuildFile; fileRef = A8147EF21A9A31D600885D67 /* Application.cpp */; };
		A81CCE3F1A3DA49300AF0BFC /* TestingTasks.cpp in Sources */ = {isa = PBXBuildFile; fileRef = A81CCE3D1A3DA49300AF0BFC /* TestingTasks.cpp */; };
		A81CCE421A3DA67800AF0BFC /* TestTask.cpp in Sources */ = {isa = PBXBuildFile; fileRef = A81CCE401A3DA67800AF0BFC /* TestTask.cpp */; };
		A82C910A16E02DAA00FF519C /* Sketch.cpp in Sources */ = {isa = PBXBuildFile; fileRef = A82C910816E02DAA00FF519C /* Sketch.cpp */; };
		A84E42891A2A1A8F00EE6AC1 /* emulators.json in Resources */ = {isa = PBXBuildFile; fileRef = A84E42881A2A1A8F00EE6AC1 /* emulators.json */; };
		A86902601A02EDC100D2C9F3 /* Path3D.cpp in Sources */ = {isa = PBXBuildFile; fileRef = A869025E1A02EDC100D2C9F3 /* Path3D.cpp */; };
		A8721A3A1A2BD48000AED9C8 /* TestingMisc.cpp in Sources */ = {isa = PBXBuildFile; fileRef = A8721A381A2BD48000AED9C8 /* TestingMisc.cpp */; };
		A8721A421A2BE87E00AED9C8 /* TestingMemory.cpp in Sources */ = {isa = PBXBuildFile; fileRef = A8721A401A2BE87E00AED9C8 /* TestingMemory.cpp */; };
		A8C16E9E1A2A43E800551905 /* main.cpp in Sources */ = {isa = PBXBuildFile; fileRef = A8C16E9D1A2A43E800551905 /* main.cpp */; };
		A8D7C09A1A75A71F00002385 /* TestingZFont.cpp in Sources */ = {isa = PBXBuildFile; fileRef = A8D7C0981A75A71F00002385 /* TestingZFont.cpp */; };
		A8D947011A8782A8007FB546 /* TestingIOService.cpp in Sources */ = {isa = PBXBuildFile; fileRef = A8D947001A8782A8007FB546 /* TestingIOService.cpp */; };
/* End PBXBuildFile section */

/* Begin PBXContainerItemProxy section */
		A8B320381AADDCB600D33333 /* PBXContainerItemProxy */ = {
			isa = PBXContainerItemProxy;
			containerPortal = A8B3202F1AADDCB600D33333 /* toolkit.xcodeproj */;
			proxyType = 2;
			remoteGlobalIDString = A8B320321AADDCB600D33333;
			remoteInfo = osx;
		};
		A8B3203A1AADDCB600D33333 /* PBXContainerItemProxy */ = {
			isa = PBXContainerItemProxy;
			containerPortal = A8B3202F1AADDCB600D33333 /* toolkit.xcodeproj */;
			proxyType = 2;
			remoteGlobalIDString = A8B320331AADDCB600D33333;
			remoteInfo = ios;
		};
		A8B3203C1AADDCB600D33333 /* PBXContainerItemProxy */ = {
			isa = PBXContainerItemProxy;
			containerPortal = A8B3202F1AADDCB600D33333 /* toolkit.xcodeproj */;
			proxyType = 2;
			remoteGlobalIDString = A8B320341AADDCB600D33333;
			remoteInfo = ios_sim;
		};
		A8B3203E1AADDCBF00D33333 /* PBXContainerItemProxy */ = {
			isa = PBXContainerItemProxy;
			containerPortal = A8B3202F1AADDCB600D33333 /* toolkit.xcodeproj */;
			proxyType = 1;
			remoteGlobalIDString = D2AAC07D0554694100DB518D;
			remoteInfo = osx;
		};
/* End PBXContainerItemProxy section */

/* Begin PBXFileReference section */
		00748057165D41390024B57A /* assets */ = {isa = PBXFileReference; lastKnownFileType = folder; name = assets; path = ../assets; sourceTree = "<group>"; };
		0091D8F80E81B9330029341E /* OpenGL.framework */ = {isa = PBXFileReference; lastKnownFileType = wrapper.framework; name = OpenGL.framework; path = /System/Library/Frameworks/OpenGL.framework; sourceTree = "<absolute>"; };
		00B784AF0FF439BC000DE1D7 /* Accelerate.framework */ = {isa = PBXFileReference; lastKnownFileType = wrapper.framework; name = Accelerate.framework; path = System/Library/Frameworks/Accelerate.framework; sourceTree = SDKROOT; };
		00B784B00FF439BC000DE1D7 /* AudioToolbox.framework */ = {isa = PBXFileReference; lastKnownFileType = wrapper.framework; name = AudioToolbox.framework; path = System/Library/Frameworks/AudioToolbox.framework; sourceTree = SDKROOT; };
		00B784B10FF439BC000DE1D7 /* AudioUnit.framework */ = {isa = PBXFileReference; lastKnownFileType = wrapper.framework; name = AudioUnit.framework; path = System/Library/Frameworks/AudioUnit.framework; sourceTree = SDKROOT; };
		00B784B20FF439BC000DE1D7 /* CoreAudio.framework */ = {isa = PBXFileReference; lastKnownFileType = wrapper.framework; name = CoreAudio.framework; path = System/Library/Frameworks/CoreAudio.framework; sourceTree = SDKROOT; };
		1058C7A1FEA54F0111CA2CBB /* Cocoa.framework */ = {isa = PBXFileReference; lastKnownFileType = wrapper.framework; name = Cocoa.framework; path = /System/Library/Frameworks/Cocoa.framework; sourceTree = "<absolute>"; };
		29B97324FDCFA39411CA2CEA /* AppKit.framework */ = {isa = PBXFileReference; lastKnownFileType = wrapper.framework; name = AppKit.framework; path = /System/Library/Frameworks/AppKit.framework; sourceTree = "<absolute>"; };
		29B97325FDCFA39411CA2CEA /* Foundation.framework */ = {isa = PBXFileReference; lastKnownFileType = wrapper.framework; name = Foundation.framework; path = /System/Library/Frameworks/Foundation.framework; sourceTree = "<absolute>"; };
		3AE7D94AFD3E4E749C47CA7D /* Prefix.pch */ = {isa = PBXFileReference; lastKnownFileType = "\"\""; path = Prefix.pch; sourceTree = "<group>"; };
		5323E6B10EAFCA74003A9687 /* CoreVideo.framework */ = {isa = PBXFileReference; lastKnownFileType = wrapper.framework; name = CoreVideo.framework; path = /System/Library/Frameworks/CoreVideo.framework; sourceTree = "<absolute>"; };
		5323E6B50EAFCA7E003A9687 /* QTKit.framework */ = {isa = PBXFileReference; lastKnownFileType = wrapper.framework; name = QTKit.framework; path = /System/Library/Frameworks/QTKit.framework; sourceTree = "<absolute>"; };
		8D1107320486CEB800E47090 /* TestBed1.app */ = {isa = PBXFileReference; explicitFileType = wrapper.application; includeInIndex = 0; path = TestBed1.app; sourceTree = BUILT_PRODUCTS_DIR; };
		A3F48157030643B0B32007F4 /* Info.plist */ = {isa = PBXFileReference; lastKnownFileType = text.plist.xml; path = Info.plist; sourceTree = "<group>"; };
		A8027DFC16E3784B00184149 /* icon.icns */ = {isa = PBXFileReference; lastKnownFileType = image.icns; path = icon.icns; sourceTree = "<group>"; };
		A8147EF21A9A31D600885D67 /* Application.cpp */ = {isa = PBXFileReference; explicitFileType = sourcecode.cpp.objcpp; fileEncoding = 4; path = Application.cpp; sourceTree = "<group>"; };
		A81CCE3D1A3DA49300AF0BFC /* TestingTasks.cpp */ = {isa = PBXFileReference; fileEncoding = 4; lastKnownFileType = sourcecode.cpp.cpp; name = TestingTasks.cpp; path = ../src/TestingTasks.cpp; sourceTree = "<group>"; };
		A81CCE3E1A3DA49300AF0BFC /* TestingTasks.h */ = {isa = PBXFileReference; fileEncoding = 4; lastKnownFileType = sourcecode.c.h; name = TestingTasks.h; path = ../src/TestingTasks.h; sourceTree = "<group>"; };
		A81CCE401A3DA67800AF0BFC /* TestTask.cpp */ = {isa = PBXFileReference; fileEncoding = 4; lastKnownFileType = sourcecode.cpp.cpp; name = TestTask.cpp; path = ../src/TestTask.cpp; sourceTree = "<group>"; };
		A81CCE411A3DA67800AF0BFC /* TestTask.h */ = {isa = PBXFileReference; fileEncoding = 4; lastKnownFileType = sourcecode.c.h; name = TestTask.h; path = ../src/TestTask.h; sourceTree = "<group>"; };
		A82C910816E02DAA00FF519C /* Sketch.cpp */ = {isa = PBXFileReference; fileEncoding = 4; lastKnownFileType = sourcecode.cpp.cpp; name = Sketch.cpp; path = ../src/Sketch.cpp; sourceTree = "<group>"; };
		A82C910916E02DAA00FF519C /* Sketch.h */ = {isa = PBXFileReference; fileEncoding = 4; lastKnownFileType = sourcecode.c.h; name = Sketch.h; path = ../src/Sketch.h; sourceTree = "<group>"; };
		A84E42881A2A1A8F00EE6AC1 /* emulators.json */ = {isa = PBXFileReference; fileEncoding = 4; lastKnownFileType = text.json; path = emulators.json; sourceTree = "<group>"; };
		A869025E1A02EDC100D2C9F3 /* Path3D.cpp */ = {isa = PBXFileReference; fileEncoding = 4; lastKnownFileType = sourcecode.cpp.cpp; path = Path3D.cpp; sourceTree = "<group>"; };
		A869025F1A02EDC100D2C9F3 /* Path3D.h */ = {isa = PBXFileReference; fileEncoding = 4; lastKnownFileType = sourcecode.c.h; path = Path3D.h; sourceTree = "<group>"; };
		A8721A371A2BD40200AED9C8 /* TestingBase.h */ = {isa = PBXFileReference; fileEncoding = 4; lastKnownFileType = sourcecode.c.h; name = TestingBase.h; path = ../src/TestingBase.h; sourceTree = "<group>"; };
		A8721A381A2BD48000AED9C8 /* TestingMisc.cpp */ = {isa = PBXFileReference; fileEncoding = 4; lastKnownFileType = sourcecode.cpp.cpp; name = TestingMisc.cpp; path = ../src/TestingMisc.cpp; sourceTree = "<group>"; };
		A8721A391A2BD48000AED9C8 /* TestingMisc.h */ = {isa = PBXFileReference; fileEncoding = 4; lastKnownFileType = sourcecode.c.h; name = TestingMisc.h; path = ../src/TestingMisc.h; sourceTree = "<group>"; };
		A8721A401A2BE87E00AED9C8 /* TestingMemory.cpp */ = {isa = PBXFileReference; fileEncoding = 4; lastKnownFileType = sourcecode.cpp.cpp; name = TestingMemory.cpp; path = ../src/TestingMemory.cpp; sourceTree = "<group>"; };
		A8721A411A2BE87E00AED9C8 /* TestingMemory.h */ = {isa = PBXFileReference; fileEncoding = 4; lastKnownFileType = sourcecode.c.h; name = TestingMemory.h; path = ../src/TestingMemory.h; sourceTree = "<group>"; };
		A874A4E91A2A8655009A60A0 /* Application.h */ = {isa = PBXFileReference; fileEncoding = 4; lastKnownFileType = sourcecode.c.h; path = Application.h; sourceTree = "<group>"; };
		A8B3202F1AADDCB600D33333 /* toolkit.xcodeproj */ = {isa = PBXFileReference; lastKnownFileType = "wrapper.pb-project"; name = toolkit.xcodeproj; path = "blocks/new-chronotext-toolkit/xcode/toolkit.xcodeproj"; sourceTree = CINDER_PATH_CHR; };
		A8C16E9D1A2A43E800551905 /* main.cpp */ = {isa = PBXFileReference; explicitFileType = sourcecode.cpp.objcpp; fileEncoding = 4; name = main.cpp; path = ../src/main.cpp; sourceTree = "<group>"; };
		A8D7C0981A75A71F00002385 /* TestingZFont.cpp */ = {isa = PBXFileReference; fileEncoding = 4; lastKnownFileType = sourcecode.cpp.cpp; name = TestingZFont.cpp; path = ../src/TestingZFont.cpp; sourceTree = "<group>"; };
		A8D7C0991A75A71F00002385 /* TestingZFont.h */ = {isa = PBXFileReference; fileEncoding = 4; lastKnownFileType = sourcecode.c.h; name = TestingZFont.h; path = ../src/TestingZFont.h; sourceTree = "<group>"; };
		A8D946FF1A8782A8007FB546 /* TestingIOService.h */ = {isa = PBXFileReference; fileEncoding = 4; lastKnownFileType = sourcecode.c.h; name = TestingIOService.h; path = ../src/TestingIOService.h; sourceTree = "<group>"; };
		A8D947001A8782A8007FB546 /* TestingIOService.cpp */ = {isa = PBXFileReference; fileEncoding = 4; lastKnownFileType = sourcecode.cpp.cpp; name = TestingIOService.cpp; path = ../src/TestingIOService.cpp; sourceTree = "<group>"; };
		A8F54D49198F8485008053E3 /* DebugConfig.xcconfig */ = {isa = PBXFileReference; lastKnownFileType = text.xcconfig; path = DebugConfig.xcconfig; sourceTree = "<group>"; };
		A8F54D4A198F8A36008053E3 /* ReleaseConfig.xcconfig */ = {isa = PBXFileReference; lastKnownFileType = text.xcconfig; path = ReleaseConfig.xcconfig; sourceTree = "<group>"; };
		A8F54D4B198F8C65008053E3 /* Config.xcconfig */ = {isa = PBXFileReference; lastKnownFileType = text.xcconfig; path = Config.xcconfig; sourceTree = "<group>"; };
/* End PBXFileReference section */

/* Begin PBXFrameworksBuildPhase section */
		8D11072E0486CEB800E47090 /* Frameworks */ = {
			isa = PBXFrameworksBuildPhase;
			buildActionMask = 2147483647;
			files = (
				8D11072F0486CEB800E47090 /* Cocoa.framework in Frameworks */,
				0091D8F90E81B9330029341E /* OpenGL.framework in Frameworks */,
				5323E6B20EAFCA74003A9687 /* CoreVideo.framework in Frameworks */,
				5323E6B60EAFCA7E003A9687 /* QTKit.framework in Frameworks */,
				00B784B30FF439BC000DE1D7 /* Accelerate.framework in Frameworks */,
				00B784B40FF439BC000DE1D7 /* AudioToolbox.framework in Frameworks */,
				00B784B50FF439BC000DE1D7 /* AudioUnit.framework in Frameworks */,
				00B784B60FF439BC000DE1D7 /* CoreAudio.framework in Frameworks */,
			);
			runOnlyForDeploymentPostprocessing = 0;
		};
/* End PBXFrameworksBuildPhase section */

/* Begin PBXGroup section */
		080E96DDFE201D6D7F000001 /* Source */ = {
			isa = PBXGroup;
			children = (
				A86F759B1A2BD1E50063FE2A /* Testing */,
				A8C16E9D1A2A43E800551905 /* main.cpp */,
				A82C910916E02DAA00FF519C /* Sketch.h */,
				A82C910816E02DAA00FF519C /* Sketch.cpp */,
			);
			name = Source;
			sourceTree = "<group>";
		};
		1058C7A0FEA54F0111CA2CBB /* Linked Frameworks */ = {
			isa = PBXGroup;
			children = (
				00B784AF0FF439BC000DE1D7 /* Accelerate.framework */,
				00B784B00FF439BC000DE1D7 /* AudioToolbox.framework */,
				00B784B10FF439BC000DE1D7 /* AudioUnit.framework */,
				00B784B20FF439BC000DE1D7 /* CoreAudio.framework */,
				5323E6B50EAFCA7E003A9687 /* QTKit.framework */,
				5323E6B10EAFCA74003A9687 /* CoreVideo.framework */,
				0091D8F80E81B9330029341E /* OpenGL.framework */,
				1058C7A1FEA54F0111CA2CBB /* Cocoa.framework */,
			);
			name = "Linked Frameworks";
			sourceTree = "<group>";
		};
		1058C7A2FEA54F0111CA2CBB /* Other Frameworks */ = {
			isa = PBXGroup;
			children = (
				29B97324FDCFA39411CA2CEA /* AppKit.framework */,
				29B97325FDCFA39411CA2CEA /* Foundation.framework */,
			);
			name = "Other Frameworks";
			sourceTree = "<group>";
		};
		19C28FACFE9D520D11CA2CBB /* Products */ = {
			isa = PBXGroup;
			children = (
				8D1107320486CEB800E47090 /* TestBed1.app */,
			);
			name = Products;
			sourceTree = "<group>";
		};
		29B97314FDCFA39411CA2CEA /* TestBed1 */ = {
			isa = PBXGroup;
			children = (
				A8B3202F1AADDCB600D33333 /* toolkit.xcodeproj */,
				A869025C1A02EDC100D2C9F3 /* Common */,
				080E96DDFE201D6D7F000001 /* Source */,
				29B97317FDCFA39411CA2CEA /* Resources */,
				A879AD8C16D667C900BE6783 /* OSX */,
				29B97323FDCFA39411CA2CEA /* Frameworks */,
				19C28FACFE9D520D11CA2CBB /* Products */,
			);
			name = TestBed1;
			sourceTree = "<group>";
		};
		29B97317FDCFA39411CA2CEA /* Resources */ = {
			isa = PBXGroup;
			children = (
				00748057165D41390024B57A /* assets */,
			);
			name = Resources;
			sourceTree = "<group>";
		};
		29B97323FDCFA39411CA2CEA /* Frameworks */ = {
			isa = PBXGroup;
			children = (
				1058C7A0FEA54F0111CA2CBB /* Linked Frameworks */,
				1058C7A2FEA54F0111CA2CBB /* Other Frameworks */,
			);
			name = Frameworks;
			sourceTree = "<group>";
		};
		A8027DFB16E3784B00184149 /* Resources */ = {
			isa = PBXGroup;
			children = (
				A84E42881A2A1A8F00EE6AC1 /* emulators.json */,
				A8027DFC16E3784B00184149 /* icon.icns */,
			);
			path = Resources;
			sourceTree = "<group>";
		};
		A869025C1A02EDC100D2C9F3 /* Common */ = {
			isa = PBXGroup;
			children = (
				A869025D1A02EDC100D2C9F3 /* Path */,
			);
			name = Common;
			path = ../../../Common;
			sourceTree = "<group>";
		};
		A869025D1A02EDC100D2C9F3 /* Path */ = {
			isa = PBXGroup;
			children = (
				A869025E1A02EDC100D2C9F3 /* Path3D.cpp */,
				A869025F1A02EDC100D2C9F3 /* Path3D.h */,
			);
			path = Path;
			sourceTree = "<group>";
		};
		A86F759B1A2BD1E50063FE2A /* Testing */ = {
			isa = PBXGroup;
			children = (
				A8721A371A2BD40200AED9C8 /* TestingBase.h */,
				A8721A391A2BD48000AED9C8 /* TestingMisc.h */,
				A8721A381A2BD48000AED9C8 /* TestingMisc.cpp */,
				A8721A411A2BE87E00AED9C8 /* TestingMemory.h */,
				A8721A401A2BE87E00AED9C8 /* TestingMemory.cpp */,
				A81CCE3E1A3DA49300AF0BFC /* TestingTasks.h */,
				A81CCE3D1A3DA49300AF0BFC /* TestingTasks.cpp */,
				A81CCE411A3DA67800AF0BFC /* TestTask.h */,
				A81CCE401A3DA67800AF0BFC /* TestTask.cpp */,
				A8D7C0991A75A71F00002385 /* TestingZFont.h */,
				A8D7C0981A75A71F00002385 /* TestingZFont.cpp */,
				A8D946FF1A8782A8007FB546 /* TestingIOService.h */,
				A8D947001A8782A8007FB546 /* TestingIOService.cpp */,
			);
			name = Testing;
			sourceTree = "<group>";
		};
		A879AD8C16D667C900BE6783 /* OSX */ = {
			isa = PBXGroup;
			children = (
				A8F54D4B198F8C65008053E3 /* Config.xcconfig */,
				A8F54D49198F8485008053E3 /* DebugConfig.xcconfig */,
				A8F54D4A198F8A36008053E3 /* ReleaseConfig.xcconfig */,
				A3F48157030643B0B32007F4 /* Info.plist */,
				3AE7D94AFD3E4E749C47CA7D /* Prefix.pch */,
				A8994D491726E98F00C8851E /* Classes */,
				A8027DFB16E3784B00184149 /* Resources */,
			);
			name = OSX;
			sourceTree = "<group>";
		};
		A8994D491726E98F00C8851E /* Classes */ = {
			isa = PBXGroup;
			children = (
				A874A4E91A2A8655009A60A0 /* Application.h */,
				A8147EF21A9A31D600885D67 /* Application.cpp */,
			);
			path = Classes;
			sourceTree = "<group>";
		};
		A8B320301AADDCB600D33333 /* Products */ = {
			isa = PBXGroup;
			children = (
				A8B320391AADDCB600D33333 /* libtoolkit_d.a */,
				A8B3203B1AADDCB600D33333 /* libtoolkit_d.a */,
				A8B3203D1AADDCB600D33333 /* libtoolkit_d.a */,
			);
			name = Products;
			sourceTree = "<group>";
		};
/* End PBXGroup section */

/* Begin PBXNativeTarget section */
		8D1107260486CEB800E47090 /* TestBed1 */ = {
			isa = PBXNativeTarget;
			buildConfigurationList = C01FCF4A08A954540054247B /* Build configuration list for PBXNativeTarget "TestBed1" */;
			buildPhases = (
				8D1107290486CEB800E47090 /* Resources */,
				8D11072C0486CEB800E47090 /* Sources */,
				8D11072E0486CEB800E47090 /* Frameworks */,
			);
			buildRules = (
			);
			dependencies = (
				A8B3203F1AADDCBF00D33333 /* PBXTargetDependency */,
			);
			name = TestBed1;
			productInstallPath = "$(HOME)/Applications";
			productName = TestBed1;
			productReference = 8D1107320486CEB800E47090 /* TestBed1.app */;
			productType = "com.apple.product-type.application";
		};
/* End PBXNativeTarget section */

/* Begin PBXProject section */
		29B97313FDCFA39411CA2CEA /* Project object */ = {
			isa = PBXProject;
			attributes = {
				LastUpgradeCheck = 0500;
			};
			buildConfigurationList = C01FCF4E08A954540054247B /* Build configuration list for PBXProject "TestBed1" */;
			compatibilityVersion = "Xcode 3.2";
			developmentRegion = English;
			hasScannedForEncodings = 1;
			knownRegions = (
				English,
				Japanese,
				French,
				German,
			);
			mainGroup = 29B97314FDCFA39411CA2CEA /* TestBed1 */;
			projectDirPath = "";
			projectReferences = (
				{
					ProductGroup = A8B320301AADDCB600D33333 /* Products */;
					ProjectRef = A8B3202F1AADDCB600D33333 /* toolkit.xcodeproj */;
				},
			);
			projectRoot = "";
			targets = (
				8D1107260486CEB800E47090 /* TestBed1 */,
			);
		};
/* End PBXProject section */

/* Begin PBXReferenceProxy section */
		A8B320391AADDCB600D33333 /* libtoolkit_d.a */ = {
			isa = PBXReferenceProxy;
			fileType = archive.ar;
			path = libtoolkit_d.a;
			remoteRef = A8B320381AADDCB600D33333 /* PBXContainerItemProxy */;
			sourceTree = BUILT_PRODUCTS_DIR;
		};
		A8B3203B1AADDCB600D33333 /* libtoolkit_d.a */ = {
			isa = PBXReferenceProxy;
			fileType = archive.ar;
			path = libtoolkit_d.a;
			remoteRef = A8B3203A1AADDCB600D33333 /* PBXContainerItemProxy */;
			sourceTree = BUILT_PRODUCTS_DIR;
		};
		A8B3203D1AADDCB600D33333 /* libtoolkit_d.a */ = {
			isa = PBXReferenceProxy;
			fileType = archive.ar;
			path = libtoolkit_d.a;
			remoteRef = A8B3203C1AADDCB600D33333 /* PBXContainerItemProxy */;
			sourceTree = BUILT_PRODUCTS_DIR;
		};
/* End PBXReferenceProxy section */

/* Begin PBXResourcesBuildPhase section */
		8D1107290486CEB800E47090 /* Resources */ = {
			isa = PBXResourcesBuildPhase;
			buildActionMask = 2147483647;
			files = (
				A84E42891A2A1A8F00EE6AC1 /* emulators.json in Resources */,
				00748058165D41390024B57A /* assets in Resources */,
				A8027DFD16E3784B00184149 /* icon.icns in Resources */,
			);
			runOnlyForDeploymentPostprocessing = 0;
		};
/* End PBXResourcesBuildPhase section */

/* Begin PBXSourcesBuildPhase section */
		8D11072C0486CEB800E47090 /* Sources */ = {
			isa = PBXSourcesBuildPhase;
			buildActionMask = 2147483647;
			files = (
				A8C16E9E1A2A43E800551905 /* main.cpp in Sources */,
				A8D947011A8782A8007FB546 /* TestingIOService.cpp in Sources */,
				A86902601A02EDC100D2C9F3 /* Path3D.cpp in Sources */,
				A82C910A16E02DAA00FF519C /* Sketch.cpp in Sources */,
				A81CCE3F1A3DA49300AF0BFC /* TestingTasks.cpp in Sources */,
				A8721A421A2BE87E00AED9C8 /* TestingMemory.cpp in Sources */,
				A8147EF31A9A31D600885D67 /* Application.cpp in Sources */,
				A8D7C09A1A75A71F00002385 /* TestingZFont.cpp in Sources */,
				A81CCE421A3DA67800AF0BFC /* TestTask.cpp in Sources */,
				A8721A3A1A2BD48000AED9C8 /* TestingMisc.cpp in Sources */,
			);
			runOnlyForDeploymentPostprocessing = 0;
		};
/* End PBXSourcesBuildPhase section */

/* Begin PBXTargetDependency section */
		A8B3203F1AADDCBF00D33333 /* PBXTargetDependency */ = {
			isa = PBXTargetDependency;
			name = osx;
			targetProxy = A8B3203E1AADDCBF00D33333 /* PBXContainerItemProxy */;
		};
/* End PBXTargetDependency section */

/* Begin XCBuildConfiguration section */
		C01FCF4B08A954540054247B /* Debug */ = {
			isa = XCBuildConfiguration;
			buildSettings = {
			};
			name = Debug;
		};
		C01FCF4C08A954540054247B /* Release */ = {
			isa = XCBuildConfiguration;
			buildSettings = {
			};
			name = Release;
		};
		C01FCF4F08A954540054247B /* Debug */ = {
			isa = XCBuildConfiguration;
			baseConfigurationReference = A8F54D49198F8485008053E3 /* DebugConfig.xcconfig */;
			buildSettings = {
			};
			name = Debug;
		};
		C01FCF5008A954540054247B /* Release */ = {
			isa = XCBuildConfiguration;
			baseConfigurationReference = A8F54D4A198F8A36008053E3 /* ReleaseConfig.xcconfig */;
			buildSettings = {
			};
			name = Release;
		};
/* End XCBuildConfiguration section */

/* Begin XCConfigurationList section */
		C01FCF4A08A954540054247B /* Build configuration list for PBXNativeTarget "TestBed1" */ = {
			isa = XCConfigurationList;
			buildConfigurations = (
				C01FCF4B08A954540054247B /* Debug */,
				C01FCF4C08A954540054247B /* Release */,
			);
			defaultConfigurationIsVisible = 0;
			defaultConfigurationName = Release;
		};
		C01FCF4E08A954540054247B /* Build configuration list for PBXProject "TestBed1" */ = {
			isa = XCConfigurationList;
			buildConfigurations = (
				C01FCF4F08A954540054247B /* Debug */,
				C01FCF5008A954540054247B /* Release */,
			);
			defaultConfigurationIsVisible = 0;
			defaultConfigurationName = Release;
		};
/* End XCConfigurationList section */
	};
	rootObject = 29B97313FDCFA39411CA2CEA /* Project object */;
}
